{
  "version": 4,
  "terraform_version": "1.5.7",
  "serial": 45,
  "lineage": "3d0c013b-ebb8-011d-a0fe-2ec8c1170954",
  "outputs": {},
  "resources": [
    {
      "mode": "data",
      "type": "davinci_connections",
      "name": "read_all",
      "provider": "provider[\"registry.terraform.io/pingidentity/davinci\"]",
      "instances": [
        {
          "schema_version": 0,
          "attributes": {
            "connections": [
              {
                "company_id": "a053d898-8d78-4cb7-89ba-aa8aeef1556d",
                "connector_id": "analyticsConnector",
                "created_date": 1705448691135,
                "customer_id": "",
                "id": "c4b2032a1b63d370c5fbdd205522f1c5",
                "name": "Flow Analytics",
                "property": []
              },
              {
                "company_id": "a053d898-8d78-4cb7-89ba-aa8aeef1556d",
                "connector_id": "annotationConnector",
                "created_date": 1705431906523,
                "customer_id": "",
                "id": "13299b9193ba6c83dfac5d91a6441de6",
                "name": "myAnnotationConnector",
                "property": []
              },
              {
                "company_id": "a053d898-8d78-4cb7-89ba-aa8aeef1556d",
                "connector_id": "errorConnector",
                "created_date": 1705448691135,
                "customer_id": "",
                "id": "53ab83a4a4ab919d9f2cb02d9e111ac8",
                "name": "Error Message",
                "property": []
              },
              {
                "company_id": "a053d898-8d78-4cb7-89ba-aa8aeef1556d",
                "connector_id": "flowConnector",
                "created_date": 1705448691115,
                "customer_id": "",
                "id": "33329a264e268ab31fb19637debf1ea3",
                "name": "Flow Conductor",
                "property": []
              },
              {
                "company_id": "a053d898-8d78-4cb7-89ba-aa8aeef1556d",
                "connector_id": "functionsConnector",
                "created_date": 1705448691076,
                "customer_id": "",
                "id": "de650ca45593b82c49064ead10b9fe17",
                "name": "Functions",
                "property": []
              },
              {
                "company_id": "a053d898-8d78-4cb7-89ba-aa8aeef1556d",
                "connector_id": "httpConnector",
                "created_date": 1705448691116,
                "customer_id": "",
                "id": "481e952e6b11db8360587b8711620786",
                "name": "HTTP",
                "property": []
              },
              {
                "company_id": "a053d898-8d78-4cb7-89ba-aa8aeef1556d",
                "connector_id": "pingOneSSOConnector",
                "created_date": 1705448728653,
                "customer_id": "",
                "id": "94141bf2f1b9b59a5f5365ff135e02bb",
                "name": "PingOne",
                "property": [
                  {
                    "name": "clientId",
                    "type": "",
                    "value": "9a7c87fd-eec9-43ca-9060-e125ede05138"
                  },
                  {
                    "name": "clientSecret",
                    "type": "",
                    "value": "******"
                  },
                  {
                    "name": "envId",
                    "type": "",
                    "value": "a053d898-8d78-4cb7-89ba-aa8aeef1556d"
                  },
                  {
                    "name": "region",
                    "type": "",
                    "value": "NorthAmericaUS"
                  }
                ]
              },
              {
                "company_id": "a053d898-8d78-4cb7-89ba-aa8aeef1556d",
                "connector_id": "skUserPool",
                "created_date": 1705431674593,
                "customer_id": "",
                "id": "defaultUserPool",
                "name": "User Pool",
                "property": []
              }
            ],
            "connector_ids": null,
            "environment_id": "a053d898-8d78-4cb7-89ba-aa8aeef1556d",
            "id": "id-a053d898-8d78-4cb7-89ba-aa8aeef1556d-connections"
          },
          "sensitive_attributes": []
        }
      ]
    },
    {
      "mode": "data",
      "type": "pingone_licenses",
      "name": "internal_license",
      "provider": "provider[\"registry.terraform.io/pingidentity/pingone\"]",
      "instances": [
        {
          "schema_version": 0,
          "attributes": {
            "data_filter": [
              {
                "name": "package",
                "values": [
                  "INTERNAL"
                ]
              },
              {
                "name": "status",
                "values": [
                  "ACTIVE"
                ]
              }
            ],
            "id": "7e9f838e-13d1-45de-9375-c4eebb62c08f",
            "ids": [
              "5337fb2e-a933-415a-ba7c-bdb820dbf7b2",
              "7b97eb26-6b72-481a-b94f-1038bf675c37"
            ],
            "organization_id": "7e9f838e-13d1-45de-9375-c4eebb62c08f",
            "scim_filter": null
          },
          "sensitive_attributes": []
        }
      ]
    },
    {
      "mode": "data",
      "type": "pingone_role",
      "name": "client_application_developer",
      "provider": "provider[\"registry.terraform.io/pingidentity/pingone\"]",
      "instances": [
        {
          "schema_version": 0,
          "attributes": {
            "applicable_to": [
              "ENVIRONMENT"
            ],
            "description": "Client Application Developer",
            "id": "b5057d0d-7281-47f6-9398-8a7e4cb71397",
            "name": "Client Application Developer",
            "permissions": [
              {
                "classifier": "apiServer",
                "description": "Create API Services",
                "id": "authz:create:apiServer"
              },
              {
                "classifier": "apiServer",
                "description": "Delete API Services",
                "id": "authz:delete:apiServer"
              },
              {
                "classifier": "apiServer",
                "description": "Retrieve API Services",
                "id": "authz:read:apiServer"
              },
              {
                "classifier": "apiServer",
                "description": "Update API Services",
                "id": "authz:update:apiServer"
              },
              {
                "classifier": "apiServerDeployment",
                "description": "Deploy API Services",
                "id": "authz:deploy:apiServerDeployment"
              },
              {
                "classifier": "apiServerDeployment",
                "description": "Read API Service deployment status",
                "id": "authz:read:apiServerDeployment"
              },
              {
                "classifier": "application",
                "description": "Create an application's OIDC settings",
                "id": "applications:create:application"
              },
              {
                "classifier": "application",
                "description": "Delete an application's OIDC settings",
                "id": "applications:delete:application"
              },
              {
                "classifier": "application",
                "description": "Retrieve an application's OIDC settings",
                "id": "applications:read:application"
              },
              {
                "classifier": "application",
                "description": "Update an application's OIDC settings",
                "id": "applications:update:application"
              },
              {
                "classifier": "applicationEntitlement",
                "description": "Read application entitlements",
                "id": "applicationRoles:read:applicationEntitlement"
              },
              {
                "classifier": "applicationPermission",
                "description": "List application permissions",
                "id": "applicationRoles:read:applicationPermission"
              },
              {
                "classifier": "applicationResource",
                "description": "List and read application resources",
                "id": "applicationRoles:read:applicationResource"
              },
              {
                "classifier": "applicationRole",
                "description": "List and read application roles",
                "id": "applicationRoles:read:applicationRole"
              },
              {
                "classifier": "applicationRoleAssignment",
                "description": "List application role assignments",
                "id": "applicationRoles:read:applicationRoleAssignment"
              },
              {
                "classifier": "applicationRoleAssignments",
                "description": "Read roles assigned to applications",
                "id": "permissions:read:applicationRoleAssignments"
              },
              {
                "classifier": "applicationRoleAssignments",
                "description": "Update roles assigned to applications",
                "id": "permissions:update:applicationRoleAssignments"
              },
              {
                "classifier": "applicationRoleEntry",
                "description": "List application role entries",
                "id": "applicationRoles:read:applicationRoleEntry"
              },
              {
                "classifier": "attribute",
                "description": "Create attributes in a resource",
                "id": "resources:create:attribute"
              },
              {
                "classifier": "attribute",
                "description": "Delete attributes from a resource",
                "id": "resources:delete:attribute"
              },
              {
                "classifier": "attribute",
                "description": "Retrieve attributes from a resource",
                "id": "resources:read:attribute"
              },
              {
                "classifier": "attribute",
                "description": "Update attributes in a resource",
                "id": "resources:update:attribute"
              },
              {
                "classifier": "brandingSettings",
                "description": "Read or list branding settings",
                "id": "branding:read:brandingSettings"
              },
              {
                "classifier": "certificate",
                "description": "Read a certificate",
                "id": "certmgt:read:certificate"
              },
              {
                "classifier": "cluster",
                "description": "Read fraud clusters",
                "id": "fraud:read:cluster"
              },
              {
                "classifier": "config",
                "description": "Retrieve the workflow configuration.",
                "id": "solutions:read:config"
              },
              {
                "classifier": "config",
                "description": "Update the workflow configuration.",
                "id": "solutions:update:config"
              },
              {
                "classifier": "configs",
                "description": "Read End User UI Configurations",
                "id": "enduseruiconfig:read:configs"
              },
              {
                "classifier": "console",
                "description": "Access to PingOne administrator console.",
                "id": "globalregistry:read:console"
              },
              {
                "classifier": "customDomain",
                "description": "Read or list custom domains",
                "id": "branding:read:customDomain"
              },
              {
                "classifier": "dashboard",
                "description": "Read dashboards",
                "id": "visualization:read:dashboard"
              },
              {
                "classifier": "deployment",
                "description": "Read deployment resource",
                "id": "orgmgt:read:deployment"
              },
              {
                "classifier": "environment",
                "description": "Read environments",
                "id": "orgmgt:read:environment"
              },
              {
                "classifier": "exploration",
                "description": "Create data exploration",
                "id": "visualization:create:exploration"
              },
              {
                "classifier": "exploration",
                "description": "Read data exploration",
                "id": "visualization:read:exploration"
              },
              {
                "classifier": "flow",
                "description": "Retrieve all available workflows.",
                "id": "solutions:read:flow"
              },
              {
                "classifier": "flowDefinition",
                "description": "Read a flow definition",
                "id": "flow:read:flowDefinition"
              },
              {
                "classifier": "flowPolicy",
                "description": "Retrieve flow policies",
                "id": "flowPolicies:read:flowPolicy"
              },
              {
                "classifier": "flowPolicyAssignment",
                "description": "Create a flow policy assignment",
                "id": "applications:create:flowPolicyAssignment"
              },
              {
                "classifier": "flowPolicyAssignment",
                "description": "Delete flow policy assignments",
                "id": "applications:delete:flowPolicyAssignment"
              },
              {
                "classifier": "flowPolicyAssignment",
                "description": "Retrieve flow policy assignments",
                "id": "applications:read:flowPolicyAssignment"
              },
              {
                "classifier": "flowPolicyAssignment",
                "description": "Update flow policy assignments",
                "id": "applications:update:flowPolicyAssignment"
              },
              {
                "classifier": "form",
                "description": "Read or list forms",
                "id": "formBuilder:read:form"
              },
              {
                "classifier": "grant",
                "description": "Create a new resource access grant for an application",
                "id": "applications:create:grant"
              },
              {
                "classifier": "grant",
                "description": "Delete a single resource access grant for an application",
                "id": "applications:delete:grant"
              },
              {
                "classifier": "grant",
                "description": "Retrieve a single resource access grant for an application",
                "id": "applications:read:grant"
              },
              {
                "classifier": "grant",
                "description": "Update a single resource access grant for an application",
                "id": "applications:update:grant"
              },
              {
                "classifier": "group",
                "description": "Read Group",
                "id": "dir:read:group"
              },
              {
                "classifier": "identityProvider",
                "description": "Create new Identity Provider",
                "id": "identityProviders:create:identityProvider"
              },
              {
                "classifier": "identityProvider",
                "description": "Delete an Identity Provider",
                "id": "identityProviders:delete:identityProvider"
              },
              {
                "classifier": "identityProvider",
                "description": "Retrieve Identity Provider information",
                "id": "identityProviders:read:identityProvider"
              },
              {
                "classifier": "identityProvider",
                "description": "Update Identity Provider information",
                "id": "identityProviders:update:identityProvider"
              },
              {
                "classifier": "image",
                "description": "Create an image",
                "id": "image:create:image"
              },
              {
                "classifier": "image",
                "description": "Delete an image",
                "id": "image:delete:image"
              },
              {
                "classifier": "image",
                "description": "Retrieve an image",
                "id": "image:read:image"
              },
              {
                "classifier": "integration",
                "description": "Read an integration in integration catalog",
                "id": "integrations:read:integration"
              },
              {
                "classifier": "key",
                "description": "Read a KeyPair, excluding private key portion",
                "id": "certmgt:read:key"
              },
              {
                "classifier": "license",
                "description": "Read licenses",
                "id": "licensing:read:license"
              },
              {
                "classifier": "orchestration",
                "description": "Retrieve Orchestration flow for Ping Enterprise deployment",
                "id": "pingenterprise:read:orchestration"
              },
              {
                "classifier": "orchestration",
                "description": "Retrieve Orchestration flow for Ping Intelligence deployment",
                "id": "pingintelligence:read:orchestration"
              },
              {
                "classifier": "orchestration",
                "description": "Retrieve PingOne Advanced Services Orchestration",
                "id": "advancedservices:read:orchestration"
              },
              {
                "classifier": "organization",
                "description": "Read organizations",
                "id": "orgmgt:read:organization"
              },
              {
                "classifier": "population",
                "description": "Read populations",
                "id": "dir:read:population"
              },
              {
                "classifier": "pushCredentials",
                "description": "Create new push credentials for an application",
                "id": "applications:create:pushCredentials"
              },
              {
                "classifier": "pushCredentials",
                "description": "Delete an application's push credentials information",
                "id": "applications:delete:pushCredentials"
              },
              {
                "classifier": "pushCredentials",
                "description": "Retrieve application's push credentials information",
                "id": "applications:read:pushCredentials"
              },
              {
                "classifier": "pushCredentials",
                "description": "Update application's push credentials information",
                "id": "applications:update:pushCredentials"
              },
              {
                "classifier": "rateLimitConfigs",
                "description": "Read rate limit configurations",
                "id": "ratelimiting:read:rateLimitConfigs"
              },
              {
                "classifier": "rateLimits",
                "description": "Read rate limits",
                "id": "ratelimiting:read:rateLimits"
              },
              {
                "classifier": "recaptchaV2Config",
                "description": "Read a reCAPTCHA V2 config",
                "id": "formBuilder:read:recaptchaV2Config"
              },
              {
                "classifier": "resource",
                "description": "Create resources on an environment",
                "id": "resources:create:resource"
              },
              {
                "classifier": "resource",
                "description": "Delete resources from an environment",
                "id": "resources:delete:resource"
              },
              {
                "classifier": "resource",
                "description": "Retrieve resources from an environment",
                "id": "resources:read:resource"
              },
              {
                "classifier": "resource",
                "description": "Update resources on an environment",
                "id": "resources:update:resource"
              },
              {
                "classifier": "schema",
                "description": "Read schemas",
                "id": "dir:read:schema"
              },
              {
                "classifier": "scope",
                "description": "Create scopes in a resource",
                "id": "resources:create:scope"
              },
              {
                "classifier": "scope",
                "description": "Delete scopes from a resource",
                "id": "resources:delete:scope"
              },
              {
                "classifier": "scope",
                "description": "Retrieve scopes from a resource",
                "id": "resources:read:scope"
              },
              {
                "classifier": "scope",
                "description": "Update scopes in a resource",
                "id": "resources:update:scope"
              },
              {
                "classifier": "secret",
                "description": "Delete a resource's previous client secret",
                "id": "resources:delete:secret"
              },
              {
                "classifier": "secret",
                "description": "Delete an application's previous client secret",
                "id": "applications:delete:secret"
              },
              {
                "classifier": "secret",
                "description": "Generate a new client secret for a resource",
                "id": "resources:update:secret"
              },
              {
                "classifier": "secret",
                "description": "Generate a new client secret",
                "id": "applications:update:secret"
              },
              {
                "classifier": "secret",
                "description": "Retrieve a resource’s client secret",
                "id": "resources:read:secret"
              },
              {
                "classifier": "secret",
                "description": "Retrieve an application’s client secret",
                "id": "applications:read:secret"
              },
              {
                "classifier": "signOnPolicy",
                "description": "Retrieve sign-on policies",
                "id": "authn:read:signOnPolicy"
              },
              {
                "classifier": "signOnPolicyAssignment",
                "description": "Create a sign-on policy assignment",
                "id": "applications:create:signOnPolicyAssignment"
              },
              {
                "classifier": "signOnPolicyAssignment",
                "description": "Delete sign-on policy assignments",
                "id": "applications:delete:signOnPolicyAssignment"
              },
              {
                "classifier": "signOnPolicyAssignment",
                "description": "Retrieve sign-on policy assignments",
                "id": "applications:read:signOnPolicyAssignment"
              },
              {
                "classifier": "signOnPolicyAssignment",
                "description": "Update sign-on policy assignments",
                "id": "applications:update:signOnPolicyAssignment"
              },
              {
                "classifier": "ssoLogin",
                "description": "Read fraud SSO login",
                "id": "fraud:read:ssoLogin"
              },
              {
                "classifier": "template",
                "description": "Read data exploration template",
                "id": "visualization:read:template"
              },
              {
                "classifier": "theme",
                "description": "Read or list themes",
                "id": "branding:read:theme"
              },
              {
                "classifier": "token",
                "description": "Retrieve a DaVinci access token.",
                "id": "solutions:read:token"
              }
            ],
            "role_id": null
          },
          "sensitive_attributes": []
        }
      ]
    },
    {
      "mode": "data",
      "type": "pingone_role",
      "name": "davinci_admin",
      "provider": "provider[\"registry.terraform.io/pingidentity/pingone\"]",
      "instances": [
        {
          "schema_version": 0,
          "attributes": {
            "applicable_to": [
              "ENVIRONMENT",
              "ORGANIZATION"
            ],
            "description": "DaVinci Admin",
            "id": "168d545c-8337-4a34-8426-9c173d60e331",
            "name": "DaVinci Admin",
            "permissions": [
              {
                "classifier": "brandingSettings",
                "description": "Read or list branding settings",
                "id": "branding:read:brandingSettings"
              },
              {
                "classifier": "connections",
                "description": "Create DaVinci connections",
                "id": "davinci:create:connections"
              },
              {
                "classifier": "connections",
                "description": "Delete DaVinci connections",
                "id": "davinci:delete:connections"
              },
              {
                "classifier": "connections",
                "description": "Read DaVinci connections",
                "id": "davinci:read:connections"
              },
              {
                "classifier": "connections",
                "description": "Update DaVinci connections",
                "id": "davinci:update:connections"
              },
              {
                "classifier": "console",
                "description": "Access to PingOne administrator console.",
                "id": "globalregistry:read:console"
              },
              {
                "classifier": "constructs",
                "description": "Create DaVinci variables",
                "id": "davinci:create:constructs"
              },
              {
                "classifier": "constructs",
                "description": "Delete DaVinci variables",
                "id": "davinci:delete:constructs"
              },
              {
                "classifier": "constructs",
                "description": "Read DaVinci variables",
                "id": "davinci:read:constructs"
              },
              {
                "classifier": "constructs",
                "description": "Update DaVinci variables",
                "id": "davinci:update:constructs"
              },
              {
                "classifier": "deployment",
                "description": "Read deployment resource",
                "id": "orgmgt:read:deployment"
              },
              {
                "classifier": "dvFlows",
                "description": "Create DaVinci flows",
                "id": "davinci:create:dvFlows"
              },
              {
                "classifier": "dvFlows",
                "description": "Delete DaVinci flows",
                "id": "davinci:delete:dvFlows"
              },
              {
                "classifier": "dvFlows",
                "description": "Deploy DaVinci flows",
                "id": "davinci:deploy:dvFlows"
              },
              {
                "classifier": "dvFlows",
                "description": "Read DaVinci flows",
                "id": "davinci:read:dvFlows"
              },
              {
                "classifier": "dvFlows",
                "description": "Update DaVinci flows",
                "id": "davinci:update:dvFlows"
              },
              {
                "classifier": "environment",
                "description": "Read environments",
                "id": "orgmgt:read:environment"
              },
              {
                "classifier": "form",
                "description": "Create a form",
                "id": "formBuilder:create:form"
              },
              {
                "classifier": "form",
                "description": "Delete a form",
                "id": "formBuilder:delete:form"
              },
              {
                "classifier": "form",
                "description": "Read or list forms",
                "id": "formBuilder:read:form"
              },
              {
                "classifier": "form",
                "description": "Update a form",
                "id": "formBuilder:update:form"
              },
              {
                "classifier": "language",
                "description": "Read or list languages",
                "id": "langmgt:read:language"
              },
              {
                "classifier": "language",
                "description": "Update a language",
                "id": "langmgt:update:language"
              },
              {
                "classifier": "license",
                "description": "Read licenses",
                "id": "licensing:read:license"
              },
              {
                "classifier": "organization",
                "description": "Read organizations",
                "id": "orgmgt:read:organization"
              },
              {
                "classifier": "recaptchaV2Config",
                "description": "Delete a reCAPTCHA V2 config",
                "id": "formBuilder:delete:recaptchaV2Config"
              },
              {
                "classifier": "recaptchaV2Config",
                "description": "Read a reCAPTCHA V2 config",
                "id": "formBuilder:read:recaptchaV2Config"
              },
              {
                "classifier": "recaptchaV2Config",
                "description": "Update a reCAPTCHA V2 config",
                "id": "formBuilder:update:recaptchaV2Config"
              },
              {
                "classifier": "schema",
                "description": "Read schemas",
                "id": "dir:read:schema"
              },
              {
                "classifier": "theme",
                "description": "Read or list themes",
                "id": "branding:read:theme"
              }
            ],
            "role_id": null
          },
          "sensitive_attributes": []
        }
      ]
    },
    {
      "mode": "data",
      "type": "pingone_role",
      "name": "environment_admin",
      "provider": "provider[\"registry.terraform.io/pingidentity/pingone\"]",
      "instances": [
        {
          "schema_version": 0,
          "attributes": {
            "applicable_to": [
              "ENVIRONMENT",
              "ORGANIZATION"
            ],
            "description": "Environment Admin",
            "id": "29ddce68-cd7f-4b2a-b6fc-f7a19553b496",
            "name": "Environment Admin",
            "permissions": [
              {
                "classifier": "activity",
                "description": "Get Audit Activity",
                "id": "audit_reporting:read:activity"
              },
              {
                "classifier": "agreement",
                "description": "Create Agreement",
                "id": "agreements:create:agreement"
              },
              {
                "classifier": "agreement",
                "description": "Delete Agreement",
                "id": "agreements:delete:agreement"
              },
              {
                "classifier": "agreement",
                "description": "Read Agreements",
                "id": "agreements:read:agreement"
              },
              {
                "classifier": "agreement",
                "description": "Update Agreement",
                "id": "agreements:update:agreement"
              },
              {
                "classifier": "apiServer",
                "description": "Create API Services",
                "id": "authz:create:apiServer"
              },
              {
                "classifier": "apiServer",
                "description": "Delete API Services",
                "id": "authz:delete:apiServer"
              },
              {
                "classifier": "apiServer",
                "description": "Retrieve API Services",
                "id": "authz:read:apiServer"
              },
              {
                "classifier": "apiServer",
                "description": "Update API Services",
                "id": "authz:update:apiServer"
              },
              {
                "classifier": "apiServerDeployment",
                "description": "Deploy API Services",
                "id": "authz:deploy:apiServerDeployment"
              },
              {
                "classifier": "apiServerDeployment",
                "description": "Read API Service deployment status",
                "id": "authz:read:apiServerDeployment"
              },
              {
                "classifier": "application",
                "description": "Create an application's OIDC settings",
                "id": "applications:create:application"
              },
              {
                "classifier": "application",
                "description": "Delete an application's OIDC settings",
                "id": "applications:delete:application"
              },
              {
                "classifier": "application",
                "description": "Retrieve an application's OIDC settings",
                "id": "applications:read:application"
              },
              {
                "classifier": "application",
                "description": "Update an application's OIDC settings",
                "id": "applications:update:application"
              },
              {
                "classifier": "applicationEntitlement",
                "description": "Read application entitlements",
                "id": "applicationRoles:read:applicationEntitlement"
              },
              {
                "classifier": "applicationPermission",
                "description": "Create application permissions",
                "id": "applicationRoles:create:applicationPermission"
              },
              {
                "classifier": "applicationPermission",
                "description": "Delete application permissions",
                "id": "applicationRoles:delete:applicationPermission"
              },
              {
                "classifier": "applicationPermission",
                "description": "List application permissions",
                "id": "applicationRoles:read:applicationPermission"
              },
              {
                "classifier": "applicationPermission",
                "description": "Update application permissions",
                "id": "applicationRoles:update:applicationPermission"
              },
              {
                "classifier": "applicationResource",
                "description": "Create application resources",
                "id": "applicationRoles:create:applicationResource"
              },
              {
                "classifier": "applicationResource",
                "description": "Delete application resources",
                "id": "applicationRoles:delete:applicationResource"
              },
              {
                "classifier": "applicationResource",
                "description": "List and read application resources",
                "id": "applicationRoles:read:applicationResource"
              },
              {
                "classifier": "applicationResource",
                "description": "Update application resources",
                "id": "applicationRoles:update:applicationResource"
              },
              {
                "classifier": "applicationRole",
                "description": "Create application roles",
                "id": "applicationRoles:create:applicationRole"
              },
              {
                "classifier": "applicationRole",
                "description": "Delete application roles",
                "id": "applicationRoles:delete:applicationRole"
              },
              {
                "classifier": "applicationRole",
                "description": "List and read application roles",
                "id": "applicationRoles:read:applicationRole"
              },
              {
                "classifier": "applicationRole",
                "description": "Update application roles",
                "id": "applicationRoles:update:applicationRole"
              },
              {
                "classifier": "applicationRoleAssignment",
                "description": "Assign application roles",
                "id": "applicationRoles:create:applicationRoleAssignment"
              },
              {
                "classifier": "applicationRoleAssignment",
                "description": "List application role assignments",
                "id": "applicationRoles:read:applicationRoleAssignment"
              },
              {
                "classifier": "applicationRoleAssignment",
                "description": "Unassign application roles",
                "id": "applicationRoles:delete:applicationRoleAssignment"
              },
              {
                "classifier": "applicationRoleAssignments",
                "description": "Read roles assigned to applications",
                "id": "permissions:read:applicationRoleAssignments"
              },
              {
                "classifier": "applicationRoleAssignments",
                "description": "Update roles assigned to applications",
                "id": "permissions:update:applicationRoleAssignments"
              },
              {
                "classifier": "applicationRoleEntry",
                "description": "Add application role entries",
                "id": "applicationRoles:create:applicationRoleEntry"
              },
              {
                "classifier": "applicationRoleEntry",
                "description": "List application role entries",
                "id": "applicationRoles:read:applicationRoleEntry"
              },
              {
                "classifier": "applicationRoleEntry",
                "description": "Remove application role entries",
                "id": "applicationRoles:delete:applicationRoleEntry"
              },
              {
                "classifier": "attribute",
                "description": "Create a PingOne Authorize Attribute",
                "id": "authz:create:attribute"
              },
              {
                "classifier": "attribute",
                "description": "Create attributes in a resource",
                "id": "resources:create:attribute"
              },
              {
                "classifier": "attribute",
                "description": "Delete a PingOne Authorize Attribute",
                "id": "authz:delete:attribute"
              },
              {
                "classifier": "attribute",
                "description": "Delete attributes from a resource",
                "id": "resources:delete:attribute"
              },
              {
                "classifier": "attribute",
                "description": "Read a PingOne Authorize Attribute",
                "id": "authz:read:attribute"
              },
              {
                "classifier": "attribute",
                "description": "Retrieve attributes from a resource",
                "id": "resources:read:attribute"
              },
              {
                "classifier": "attribute",
                "description": "Test a PingOne Authorize Attribute",
                "id": "authz:test:attribute"
              },
              {
                "classifier": "attribute",
                "description": "Update a PingOne Authorize Attribute",
                "id": "authz:update:attribute"
              },
              {
                "classifier": "attribute",
                "description": "Update attributes in a resource",
                "id": "resources:update:attribute"
              },
              {
                "classifier": "branding",
                "description": "Create and update branding",
                "id": "branding:update:branding"
              },
              {
                "classifier": "branding",
                "description": "Delete branding",
                "id": "branding:delete:branding"
              },
              {
                "classifier": "brandingSettings",
                "description": "Read or list branding settings",
                "id": "branding:read:brandingSettings"
              },
              {
                "classifier": "brandingSettings",
                "description": "Update branding settings",
                "id": "branding:update:brandingSettings"
              },
              {
                "classifier": "certificate",
                "description": "Create a certificate",
                "id": "certmgt:create:certificate"
              },
              {
                "classifier": "certificate",
                "description": "Deletes a certificate",
                "id": "certmgt:delete:certificate"
              },
              {
                "classifier": "certificate",
                "description": "Issue a new KDC certificate",
                "id": "applications:issue:certificate"
              },
              {
                "classifier": "certificate",
                "description": "Read a certificate",
                "id": "certmgt:read:certificate"
              },
              {
                "classifier": "certificate",
                "description": "Update a certificate",
                "id": "certmgt:update:certificate"
              },
              {
                "classifier": "channel",
                "description": "Create AlertChannel",
                "id": "alerting:create:channel"
              },
              {
                "classifier": "channel",
                "description": "Delete AlertChannel",
                "id": "alerting:delete:channel"
              },
              {
                "classifier": "channel",
                "description": "Read AlertChannels",
                "id": "alerting:read:channel"
              },
              {
                "classifier": "channel",
                "description": "Update AlertChannel",
                "id": "alerting:update:channel"
              },
              {
                "classifier": "config",
                "description": "Create the workflow configuration.",
                "id": "solutions:create:config"
              },
              {
                "classifier": "config",
                "description": "Retrieve the workflow configuration.",
                "id": "solutions:read:config"
              },
              {
                "classifier": "config",
                "description": "Update the workflow configuration.",
                "id": "solutions:update:config"
              },
              {
                "classifier": "configs",
                "description": "Read End User UI Configurations",
                "id": "enduseruiconfig:read:configs"
              },
              {
                "classifier": "connection",
                "description": "check external sass connection",
                "id": "osmosis:check:connection"
              },
              {
                "classifier": "connectionSensitiveConfiguration",
                "description": "Get connection sensitive configuration",
                "id": "provisioning:get:connectionSensitiveConfiguration"
              },
              {
                "classifier": "console",
                "description": "Access to PingOne administrator console.",
                "id": "globalregistry:read:console"
              },
              {
                "classifier": "credentials",
                "description": "Create credential type or issue credential to a user",
                "id": "credentialsIssuance:create:credentials"
              },
              {
                "classifier": "credentials",
                "description": "Read a credential type or issue credential to a user",
                "id": "credentialsIssuance:read:credentials"
              },
              {
                "classifier": "credentials",
                "description": "Update credential type or issue credential to a user",
                "id": "credentialsIssuance:update:credentials"
              },
              {
                "classifier": "customDomain",
                "description": "Create a custom domain",
                "id": "branding:create:customDomain"
              },
              {
                "classifier": "customDomain",
                "description": "Delete a custom domain",
                "id": "branding:delete:customDomain"
              },
              {
                "classifier": "customDomain",
                "description": "Read or list custom domains",
                "id": "branding:read:customDomain"
              },
              {
                "classifier": "customDomain",
                "description": "Update a custom domain",
                "id": "branding:update:customDomain"
              },
              {
                "classifier": "dashboard",
                "description": "Read dashboards",
                "id": "visualization:read:dashboard"
              },
              {
                "classifier": "decisionendpoint",
                "description": "Create PingOne Authorize Decision Endpoint",
                "id": "authz:create:decisionendpoint"
              },
              {
                "classifier": "decisionendpoint",
                "description": "Read PingOne Authorize Decision Endpoint",
                "id": "authz:read:decisionendpoint"
              },
              {
                "classifier": "decisionendpoint",
                "description": "Request Decision from a PingOne Authorize Decision Endpoint",
                "id": "authz:authorize:decisionendpoint"
              },
              {
                "classifier": "decisionendpoint",
                "description": "Update PingOne Authorize Decision Endpoint",
                "id": "authz:update:decisionendpoint"
              },
              {
                "classifier": "delegatedAdminConfigurations",
                "description": "Create Delegated Admin Configurations",
                "id": "delegatedadmin:create:delegatedAdminConfigurations"
              },
              {
                "classifier": "delegatedAdminConfigurations",
                "description": "Delete Delegated Admin Configurations",
                "id": "delegatedadmin:delete:delegatedAdminConfigurations"
              },
              {
                "classifier": "delegatedAdminConfigurations",
                "description": "Read Delegated Admin Configurations",
                "id": "delegatedadmin:read:delegatedAdminConfigurations"
              },
              {
                "classifier": "delegatedAdminConfigurations",
                "description": "Update Delegated Admin Configurations",
                "id": "delegatedadmin:update:delegatedAdminConfigurations"
              },
              {
                "classifier": "delegatedAdminSdkToken",
                "description": "Read Delegated Admin SdkToken",
                "id": "delegatedadmin:read:delegatedAdminSdkToken"
              },
              {
                "classifier": "deployment",
                "description": "Create deployment resource",
                "id": "orgmgt:create:deployment"
              },
              {
                "classifier": "deployment",
                "description": "Read deployment resource",
                "id": "orgmgt:read:deployment"
              },
              {
                "classifier": "deploymentpackage",
                "description": "Read PingOne Authorize Deployment Packages",
                "id": "authz:read:deploymentpackage"
              },
              {
                "classifier": "deviceAuthenticationPolicy",
                "description": "Create device authentication policy",
                "id": "mfa:create:deviceAuthenticationPolicy"
              },
              {
                "classifier": "deviceAuthenticationPolicy",
                "description": "Delete device authentication policy",
                "id": "mfa:delete:deviceAuthenticationPolicy"
              },
              {
                "classifier": "deviceAuthenticationPolicy",
                "description": "Retrieve device authentication policy",
                "id": "mfa:read:deviceAuthenticationPolicy"
              },
              {
                "classifier": "deviceAuthenticationPolicy",
                "description": "Update device authentication policy",
                "id": "mfa:update:deviceAuthenticationPolicy"
              },
              {
                "classifier": "document",
                "description": "Create PingOne Verify Document",
                "id": "idverifications:create:document"
              },
              {
                "classifier": "document",
                "description": "Delete PingOne Verify Document",
                "id": "idverifications:delete:document"
              },
              {
                "classifier": "document",
                "description": "Read PingOne Verify Document",
                "id": "idverifications:get:document"
              },
              {
                "classifier": "document",
                "description": "Update PingOne Verify Document",
                "id": "idverifications:update:document"
              },
              {
                "classifier": "emailDomain",
                "description": "Create an email domain",
                "id": "notifications:create:emailDomain"
              },
              {
                "classifier": "emailDomain",
                "description": "Delete an email domain",
                "id": "notifications:delete:emailDomain"
              },
              {
                "classifier": "emailDomain",
                "description": "Read or list email domains",
                "id": "notifications:read:emailDomain"
              },
              {
                "classifier": "emailDomain",
                "description": "Update an email domain",
                "id": "notifications:update:emailDomain"
              },
              {
                "classifier": "entity",
                "description": "Create PingOne Authorize Entity",
                "id": "authz:create:entity"
              },
              {
                "classifier": "entity",
                "description": "Delete PingOne Authorize Entity",
                "id": "authz:delete:entity"
              },
              {
                "classifier": "entity",
                "description": "Read PingOne Authorize Entity",
                "id": "authz:read:entity"
              },
              {
                "classifier": "entity",
                "description": "Test PingOne Authorize Entity",
                "id": "authz:test:entity"
              },
              {
                "classifier": "entity",
                "description": "Update PingOne Authorize Entity",
                "id": "authz:update:entity"
              },
              {
                "classifier": "environment",
                "description": "Delete PingOne Advanced Services environment",
                "id": "advancedservices:delete:environment"
              },
              {
                "classifier": "environment",
                "description": "Promote environment",
                "id": "orgmgt:promote:environment"
              },
              {
                "classifier": "environment",
                "description": "Read environments",
                "id": "orgmgt:read:environment"
              },
              {
                "classifier": "environment",
                "description": "Update environment",
                "id": "orgmgt:update:environment"
              },
              {
                "classifier": "evaluation",
                "description": "Read fraud evaluation",
                "id": "fraud:read:evaluation"
              },
              {
                "classifier": "eventsDetails",
                "description": "Create fraud eventsDetails",
                "id": "fraud:create:eventsDetails"
              },
              {
                "classifier": "eventsDetails",
                "description": "Read fraud eventsDetails",
                "id": "fraud:read:eventsDetails"
              },
              {
                "classifier": "exploration",
                "description": "Create data exploration",
                "id": "visualization:create:exploration"
              },
              {
                "classifier": "exploration",
                "description": "Read data exploration",
                "id": "visualization:read:exploration"
              },
              {
                "classifier": "externalService",
                "description": "Create an external service",
                "id": "externalServices:create:externalService"
              },
              {
                "classifier": "externalService",
                "description": "Delete an external service",
                "id": "externalServices:delete:externalService"
              },
              {
                "classifier": "externalService",
                "description": "Invoke an external service request",
                "id": "externalServices:invoke:externalService"
              },
              {
                "classifier": "externalService",
                "description": "Read a external service(s)",
                "id": "externalServices:read:externalService"
              },
              {
                "classifier": "externalService",
                "description": "Update an external service",
                "id": "externalServices:update:externalService"
              },
              {
                "classifier": "feedback",
                "description": "Create fraud feedback",
                "id": "fraud:create:feedback"
              },
              {
                "classifier": "feedback",
                "description": "Read fraud feedback",
                "id": "fraud:read:feedback"
              },
              {
                "classifier": "fidoDeviceMetadata",
                "description": "Create Custom FIDO Device Metadata",
                "id": "mfa:create:fidoDeviceMetadata"
              },
              {
                "classifier": "fidoDeviceMetadata",
                "description": "Delete Custom FIDO Device Metadata",
                "id": "mfa:delete:fidoDeviceMetadata"
              },
              {
                "classifier": "fidoDeviceMetadata",
                "description": "Retrieve FIDO Device Metadata",
                "id": "mfa:read:fidoDeviceMetadata"
              },
              {
                "classifier": "fidoPolicy",
                "description": "Create a FIDO policy",
                "id": "mfa:create:fidoPolicy"
              },
              {
                "classifier": "fidoPolicy",
                "description": "Delete a FIDO policy",
                "id": "mfa:delete:fidoPolicy"
              },
              {
                "classifier": "fidoPolicy",
                "description": "Retrieve a FIDO policy",
                "id": "mfa:read:fidoPolicy"
              },
              {
                "classifier": "fidoPolicy",
                "description": "Update a FIDO policy",
                "id": "mfa:update:fidoPolicy"
              },
              {
                "classifier": "flow",
                "description": "Retrieve all available workflows.",
                "id": "solutions:read:flow"
              },
              {
                "classifier": "flowDefinition",
                "description": "Create a flow definition",
                "id": "flow:create:flowDefinition"
              },
              {
                "classifier": "flowDefinition",
                "description": "Delete a flow definition",
                "id": "flow:delete:flowDefinition"
              },
              {
                "classifier": "flowDefinition",
                "description": "Read a flow definition",
                "id": "flow:read:flowDefinition"
              },
              {
                "classifier": "flowDefinition",
                "description": "Update a flow definition",
                "id": "flow:update:flowDefinition"
              },
              {
                "classifier": "flowDefinition",
                "description": "flow execution permission",
                "id": "flow:execute:flowDefinition"
              },
              {
                "classifier": "flowPolicy",
                "description": "Retrieve flow policies",
                "id": "flowPolicies:read:flowPolicy"
              },
              {
                "classifier": "flowPolicyAssignment",
                "description": "Create a flow policy assignment",
                "id": "applications:create:flowPolicyAssignment"
              },
              {
                "classifier": "flowPolicyAssignment",
                "description": "Delete flow policy assignments",
                "id": "applications:delete:flowPolicyAssignment"
              },
              {
                "classifier": "flowPolicyAssignment",
                "description": "Retrieve flow policy assignments",
                "id": "applications:read:flowPolicyAssignment"
              },
              {
                "classifier": "flowPolicyAssignment",
                "description": "Update flow policy assignments",
                "id": "applications:update:flowPolicyAssignment"
              },
              {
                "classifier": "form",
                "description": "Create a form",
                "id": "formBuilder:create:form"
              },
              {
                "classifier": "form",
                "description": "Delete a form",
                "id": "formBuilder:delete:form"
              },
              {
                "classifier": "form",
                "description": "Read or list forms",
                "id": "formBuilder:read:form"
              },
              {
                "classifier": "form",
                "description": "Update a form",
                "id": "formBuilder:update:form"
              },
              {
                "classifier": "gateway",
                "description": "Create gateway",
                "id": "gateways:create:gateway"
              },
              {
                "classifier": "gateway",
                "description": "Delete gateway",
                "id": "gateways:delete:gateway"
              },
              {
                "classifier": "gateway",
                "description": "Read gateways",
                "id": "gateways:read:gateway"
              },
              {
                "classifier": "gateway",
                "description": "Update gateway",
                "id": "gateways:update:gateway"
              },
              {
                "classifier": "gatewayRoleAssignments",
                "description": "Delete gateway role assignments",
                "id": "permissions:delete:gatewayRoleAssignments"
              },
              {
                "classifier": "gatewayRoleAssignments",
                "description": "Read gateway role assignments",
                "id": "permissions:read:gatewayRoleAssignments"
              },
              {
                "classifier": "gatewayRoleAssignments",
                "description": "Update gateway role assignments",
                "id": "permissions:update:gatewayRoleAssignments"
              },
              {
                "classifier": "grant",
                "description": "Create a new resource access grant for an application",
                "id": "applications:create:grant"
              },
              {
                "classifier": "grant",
                "description": "Delete a single resource access grant for an application",
                "id": "applications:delete:grant"
              },
              {
                "classifier": "grant",
                "description": "Retrieve a single resource access grant for an application",
                "id": "applications:read:grant"
              },
              {
                "classifier": "grant",
                "description": "Update a single resource access grant for an application",
                "id": "applications:update:grant"
              },
              {
                "classifier": "group",
                "description": "Read Group",
                "id": "dir:read:group"
              },
              {
                "classifier": "groupSyncedRules",
                "description": "get group's provisioning rule sync status",
                "id": "dir:read:groupSyncedRules"
              },
              {
                "classifier": "identityProvider",
                "description": "Create new Identity Provider",
                "id": "identityProviders:create:identityProvider"
              },
              {
                "classifier": "identityProvider",
                "description": "Delete an Identity Provider",
                "id": "identityProviders:delete:identityProvider"
              },
              {
                "classifier": "identityProvider",
                "description": "Retrieve Identity Provider information",
                "id": "identityProviders:read:identityProvider"
              },
              {
                "classifier": "identityProvider",
                "description": "Update Identity Provider information",
                "id": "identityProviders:update:identityProvider"
              },
              {
                "classifier": "image",
                "description": "Create an image",
                "id": "image:create:image"
              },
              {
                "classifier": "image",
                "description": "Delete an image",
                "id": "image:delete:image"
              },
              {
                "classifier": "image",
                "description": "Retrieve an image",
                "id": "image:read:image"
              },
              {
                "classifier": "integration",
                "description": "Read an integration in integration catalog",
                "id": "integrations:read:integration"
              },
              {
                "classifier": "issuerProfile",
                "description": "Define Credential Issuer Profile",
                "id": "credentialsIssuance:create:issuerProfile"
              },
              {
                "classifier": "issuerProfile",
                "description": "Read Credential Issuer Profile",
                "id": "credentialsIssuance:read:issuerProfile"
              },
              {
                "classifier": "issuerProfile",
                "description": "Update Credential Issuer Profile",
                "id": "credentialsIssuance:update:issuerProfile"
              },
              {
                "classifier": "key",
                "description": "Create a new KeyPair",
                "id": "certmgt:create:key"
              },
              {
                "classifier": "key",
                "description": "Deletes a KeyPair",
                "id": "certmgt:delete:key"
              },
              {
                "classifier": "key",
                "description": "Read a KeyPair, excluding private key portion",
                "id": "certmgt:read:key"
              },
              {
                "classifier": "key",
                "description": "Update a KeyPair",
                "id": "certmgt:update:key"
              },
              {
                "classifier": "krp",
                "description": "Create a Key Rotation Policy (KRP)",
                "id": "certmgt:create:krp"
              },
              {
                "classifier": "krp",
                "description": "Delete a Key Rotation Policy (KRP)",
                "id": "certmgt:delete:krp"
              },
              {
                "classifier": "krp",
                "description": "Read Key Rotation Policies (KRP)",
                "id": "certmgt:read:krp"
              },
              {
                "classifier": "krp",
                "description": "Update a Key Rotation Policy (KRP)",
                "id": "certmgt:update:krp"
              },
              {
                "classifier": "language",
                "description": "Create a language",
                "id": "langmgt:create:language"
              },
              {
                "classifier": "language",
                "description": "Delete a language",
                "id": "langmgt:delete:language"
              },
              {
                "classifier": "language",
                "description": "Read or list languages",
                "id": "langmgt:read:language"
              },
              {
                "classifier": "language",
                "description": "Update a language",
                "id": "langmgt:update:language"
              },
              {
                "classifier": "license",
                "description": "Read licenses",
                "id": "licensing:read:license"
              },
              {
                "classifier": "mapping",
                "description": "Read mapping",
                "id": "osmosis:read:mapping"
              },
              {
                "classifier": "mapping",
                "description": "delete mapping",
                "id": "osmosis:delete:mapping"
              },
              {
                "classifier": "mapping",
                "description": "update mapping",
                "id": "osmosis:update:mapping"
              },
              {
                "classifier": "mfaSettings",
                "description": "Reset MFA settings",
                "id": "mfa:delete:mfaSettings"
              },
              {
                "classifier": "mfaSettings",
                "description": "Retrieve MFA settings",
                "id": "mfa:read:mfaSettings"
              },
              {
                "classifier": "mfaSettings",
                "description": "Update MFA settings",
                "id": "mfa:update:mfaSettings"
              },
              {
                "classifier": "migration",
                "description": "Create PingID migration process to P1",
                "id": "pingid:create:migration"
              },
              {
                "classifier": "migration",
                "description": "Read PingID migration status to P1",
                "id": "pingid:read:migration"
              },
              {
                "classifier": "notification",
                "description": "Create a notification",
                "id": "notifications:create:notification"
              },
              {
                "classifier": "notificationsPolicy",
                "description": "Create notifications policy",
                "id": "notifications:create:notificationsPolicy"
              },
              {
                "classifier": "notificationsPolicy",
                "description": "Delete notifications policy",
                "id": "notifications:delete:notificationsPolicy"
              },
              {
                "classifier": "notificationsPolicy",
                "description": "Retrieve notifications policy",
                "id": "notifications:read:notificationsPolicy"
              },
              {
                "classifier": "notificationsPolicy",
                "description": "Update notifications policy",
                "id": "notifications:update:notificationsPolicy"
              },
              {
                "classifier": "notificationsSettings",
                "description": "Read notifications settings",
                "id": "notifications:read:notificationsSettings"
              },
              {
                "classifier": "notificationsSettings",
                "description": "Reset notifications settings",
                "id": "notifications:delete:notificationsSettings"
              },
              {
                "classifier": "notificationsSettings",
                "description": "Update notifications settings",
                "id": "notifications:update:notificationsSettings"
              },
              {
                "classifier": "oathToken",
                "description": "Create an OATH Token",
                "id": "mfa:create:oathToken"
              },
              {
                "classifier": "oathToken",
                "description": "Delete an OATH Token",
                "id": "mfa:delete:oathToken"
              },
              {
                "classifier": "oathToken",
                "description": "Retrieve an OATH Token",
                "id": "mfa:read:oathToken"
              },
              {
                "classifier": "oathToken",
                "description": "Update an OATH Token",
                "id": "mfa:update:oathToken"
              },
              {
                "classifier": "orchestration",
                "description": "Create PingOne Advanced Services Orchestration",
                "id": "advancedservices:create:orchestration"
              },
              {
                "classifier": "orchestration",
                "description": "Retrieve Orchestration flow for Ping Enterprise deployment",
                "id": "pingenterprise:read:orchestration"
              },
              {
                "classifier": "orchestration",
                "description": "Retrieve Orchestration flow for Ping Intelligence deployment",
                "id": "pingintelligence:read:orchestration"
              },
              {
                "classifier": "orchestration",
                "description": "Retrieve PingOne Advanced Services Orchestration",
                "id": "advancedservices:read:orchestration"
              },
              {
                "classifier": "orchestration",
                "description": "Updates Orchestration flow for Ping Enterprise deployment",
                "id": "pingenterprise:update:orchestration"
              },
              {
                "classifier": "orchestration",
                "description": "Updates Orchestration flow for Ping Intelligence deployment",
                "id": "pingintelligence:update:orchestration"
              },
              {
                "classifier": "organization",
                "description": "Read organizations",
                "id": "orgmgt:read:organization"
              },
              {
                "classifier": "passwordPolicy",
                "description": "Create Password Policies",
                "id": "dir:create:passwordPolicy"
              },
              {
                "classifier": "passwordPolicy",
                "description": "Delete Password Policies",
                "id": "dir:delete:passwordPolicy"
              },
              {
                "classifier": "passwordPolicy",
                "description": "Read Password Policies",
                "id": "dir:read:passwordPolicy"
              },
              {
                "classifier": "passwordPolicy",
                "description": "Update Password Policies",
                "id": "dir:update:passwordPolicy"
              },
              {
                "classifier": "plan",
                "description": "Read plan",
                "id": "osmosis:read:plan"
              },
              {
                "classifier": "plan",
                "description": "delete plan",
                "id": "osmosis:delete:plan"
              },
              {
                "classifier": "plan",
                "description": "update plan",
                "id": "osmosis:update:plan"
              },
              {
                "classifier": "policy",
                "description": "Create risk policies",
                "id": "risk:create:policy"
              },
              {
                "classifier": "policy",
                "description": "Delete risk policies",
                "id": "risk:delete:policy"
              },
              {
                "classifier": "policy",
                "description": "Read risk policies",
                "id": "risk:read:policy"
              },
              {
                "classifier": "policy",
                "description": "Update risk policies",
                "id": "risk:update:policy"
              },
              {
                "classifier": "population",
                "description": "Create populations",
                "id": "dir:create:population"
              },
              {
                "classifier": "population",
                "description": "Delete populations",
                "id": "dir:delete:population"
              },
              {
                "classifier": "population",
                "description": "Read populations",
                "id": "dir:read:population"
              },
              {
                "classifier": "population",
                "description": "Update populations",
                "id": "dir:update:population"
              },
              {
                "classifier": "predictor",
                "description": "Create risk predictors",
                "id": "risk:create:predictor"
              },
              {
                "classifier": "predictor",
                "description": "Delete risk predictors",
                "id": "risk:delete:predictor"
              },
              {
                "classifier": "predictor",
                "description": "Read risk predictors",
                "id": "risk:read:predictor"
              },
              {
                "classifier": "predictor",
                "description": "Update risk predictors",
                "id": "risk:update:predictor"
              },
              {
                "classifier": "product",
                "description": "Create PingID product",
                "id": "pec:create:product"
              },
              {
                "classifier": "product",
                "description": "Delete PingID product",
                "id": "pec:delete:product"
              },
              {
                "classifier": "provisioningSyncOrchestration",
                "description": "Create a provisioning sync orchestration in a specific environment",
                "id": "provisioning:create:provisioningSyncOrchestration"
              },
              {
                "classifier": "provisioningSyncOrchestration",
                "description": "Update a provisioning sync orchestration in a specific environment",
                "id": "provisioning:update:provisioningSyncOrchestration"
              },
              {
                "classifier": "pushCredentials",
                "description": "Create new push credentials for an application",
                "id": "applications:create:pushCredentials"
              },
              {
                "classifier": "pushCredentials",
                "description": "Delete an application's push credentials information",
                "id": "applications:delete:pushCredentials"
              },
              {
                "classifier": "pushCredentials",
                "description": "Retrieve application's push credentials information",
                "id": "applications:read:pushCredentials"
              },
              {
                "classifier": "pushCredentials",
                "description": "Update application's push credentials information",
                "id": "applications:update:pushCredentials"
              },
              {
                "classifier": "quota",
                "description": "Read quota",
                "id": "notifications:read:quota"
              },
              {
                "classifier": "rateLimitConfigs",
                "description": "Create rate limit configurations",
                "id": "ratelimiting:create:rateLimitConfigs"
              },
              {
                "classifier": "rateLimitConfigs",
                "description": "Delete rate limit configurations",
                "id": "ratelimiting:delete:rateLimitConfigs"
              },
              {
                "classifier": "rateLimitConfigs",
                "description": "Read rate limit configurations",
                "id": "ratelimiting:read:rateLimitConfigs"
              },
              {
                "classifier": "rateLimitConfigs",
                "description": "Update rate limit configurations",
                "id": "ratelimiting:update:rateLimitConfigs"
              },
              {
                "classifier": "rateLimits",
                "description": "Read rate limits",
                "id": "ratelimiting:read:rateLimits"
              },
              {
                "classifier": "recaptchaV2Config",
                "description": "Delete a reCAPTCHA V2 config",
                "id": "formBuilder:delete:recaptchaV2Config"
              },
              {
                "classifier": "recaptchaV2Config",
                "description": "Read a reCAPTCHA V2 config",
                "id": "formBuilder:read:recaptchaV2Config"
              },
              {
                "classifier": "recaptchaV2Config",
                "description": "Update a reCAPTCHA V2 config",
                "id": "formBuilder:update:recaptchaV2Config"
              },
              {
                "classifier": "recentdecisions",
                "description": "Read Recent Decisions of a PingOne Authorize Decision Endpoint",
                "id": "authz:read:recentdecisions"
              },
              {
                "classifier": "resource",
                "description": "Create resources on an environment",
                "id": "resources:create:resource"
              },
              {
                "classifier": "resource",
                "description": "Delete resources from an environment",
                "id": "resources:delete:resource"
              },
              {
                "classifier": "resource",
                "description": "Retrieve resources from an environment",
                "id": "resources:read:resource"
              },
              {
                "classifier": "resource",
                "description": "Update resources on an environment",
                "id": "resources:update:resource"
              },
              {
                "classifier": "revision",
                "description": "create a new configuration for a specific environment",
                "id": "osmosis:create:revision"
              },
              {
                "classifier": "revision",
                "description": "get configuration for a specific environment",
                "id": "osmosis:get:revision"
              },
              {
                "classifier": "roles",
                "description": "Create Custom Roles",
                "id": "permissions:create:roles"
              },
              {
                "classifier": "roles",
                "description": "Delete Custom Roles",
                "id": "permissions:delete:roles"
              },
              {
                "classifier": "roles",
                "description": "Read Custom Roles",
                "id": "permissions:read:roles"
              },
              {
                "classifier": "roles",
                "description": "Update Custom Roles",
                "id": "permissions:update:roles"
              },
              {
                "classifier": "rule",
                "description": "Read rule",
                "id": "osmosis:read:rule"
              },
              {
                "classifier": "rule",
                "description": "delete rule",
                "id": "osmosis:delete:rule"
              },
              {
                "classifier": "rule",
                "description": "update rule",
                "id": "osmosis:update:rule"
              },
              {
                "classifier": "schema",
                "description": "Delete schemas",
                "id": "dir:delete:schema"
              },
              {
                "classifier": "schema",
                "description": "Read schemas",
                "id": "dir:read:schema"
              },
              {
                "classifier": "schema",
                "description": "Update schemas",
                "id": "dir:update:schema"
              },
              {
                "classifier": "scope",
                "description": "Create scopes in a resource",
                "id": "resources:create:scope"
              },
              {
                "classifier": "scope",
                "description": "Delete scopes from a resource",
                "id": "resources:delete:scope"
              },
              {
                "classifier": "scope",
                "description": "Retrieve scopes from a resource",
                "id": "resources:read:scope"
              },
              {
                "classifier": "scope",
                "description": "Update scopes in a resource",
                "id": "resources:update:scope"
              },
              {
                "classifier": "secret",
                "description": "Delete a resource's previous client secret",
                "id": "resources:delete:secret"
              },
              {
                "classifier": "secret",
                "description": "Delete an application's previous client secret",
                "id": "applications:delete:secret"
              },
              {
                "classifier": "secret",
                "description": "Generate a new client secret for a resource",
                "id": "resources:update:secret"
              },
              {
                "classifier": "secret",
                "description": "Generate a new client secret",
                "id": "applications:update:secret"
              },
              {
                "classifier": "secret",
                "description": "Retrieve a resource’s client secret",
                "id": "resources:read:secret"
              },
              {
                "classifier": "secret",
                "description": "Retrieve an application’s client secret",
                "id": "applications:read:secret"
              },
              {
                "classifier": "secrets",
                "description": "Read external service secrets",
                "id": "externalServices:read:secrets"
              },
              {
                "classifier": "secrets",
                "description": "Update external service secrets",
                "id": "externalServices:update:secrets"
              },
              {
                "classifier": "session",
                "description": "Read fraud session",
                "id": "fraud:read:session"
              },
              {
                "classifier": "signOnPolicy",
                "description": "Create sign-on policies",
                "id": "authn:create:signOnPolicy"
              },
              {
                "classifier": "signOnPolicy",
                "description": "Delete sign-on policies",
                "id": "authn:delete:signOnPolicy"
              },
              {
                "classifier": "signOnPolicy",
                "description": "Retrieve sign-on policies",
                "id": "authn:read:signOnPolicy"
              },
              {
                "classifier": "signOnPolicy",
                "description": "Update sign-on policies",
                "id": "authn:update:signOnPolicy"
              },
              {
                "classifier": "signOnPolicyAssignment",
                "description": "Create a sign-on policy assignment",
                "id": "applications:create:signOnPolicyAssignment"
              },
              {
                "classifier": "signOnPolicyAssignment",
                "description": "Delete sign-on policy assignments",
                "id": "applications:delete:signOnPolicyAssignment"
              },
              {
                "classifier": "signOnPolicyAssignment",
                "description": "Retrieve sign-on policy assignments",
                "id": "applications:read:signOnPolicyAssignment"
              },
              {
                "classifier": "signOnPolicyAssignment",
                "description": "Update sign-on policy assignments",
                "id": "applications:update:signOnPolicyAssignment"
              },
              {
                "classifier": "ssoLogin",
                "description": "Read fraud SSO login",
                "id": "fraud:read:ssoLogin"
              },
              {
                "classifier": "store",
                "description": "Read store",
                "id": "osmosis:read:store"
              },
              {
                "classifier": "store",
                "description": "delete store",
                "id": "osmosis:delete:store"
              },
              {
                "classifier": "store",
                "description": "update store",
                "id": "osmosis:update:store"
              },
              {
                "classifier": "subscription",
                "description": "Create a subscription",
                "id": "subscriptions:create:subscription"
              },
              {
                "classifier": "subscription",
                "description": "Delete a subscription",
                "id": "subscriptions:delete:subscription"
              },
              {
                "classifier": "subscription",
                "description": "Read a subscription",
                "id": "subscriptions:read:subscription"
              },
              {
                "classifier": "subscription",
                "description": "Update a subscription",
                "id": "subscriptions:update:subscription"
              },
              {
                "classifier": "tag",
                "description": "Create and Update PingOne Authorize Policy Version Tag",
                "id": "authz:update:tag"
              },
              {
                "classifier": "tag",
                "description": "Delete PingOne Authorize Policy Version Tag",
                "id": "authz:delete:tag"
              },
              {
                "classifier": "tag",
                "description": "Read PingOne Authorize Policy Version Tag",
                "id": "authz:read:tag"
              },
              {
                "classifier": "template",
                "description": "Read data exploration template",
                "id": "visualization:read:template"
              },
              {
                "classifier": "template",
                "description": "Retrieve a notification template",
                "id": "notifications:read:template"
              },
              {
                "classifier": "templateContent",
                "description": "Create a notification template's content",
                "id": "notifications:create:templateContent"
              },
              {
                "classifier": "templateContent",
                "description": "Deletes a notification template's content",
                "id": "notifications:delete:templateContent"
              },
              {
                "classifier": "templateContent",
                "description": "Retrieve a notification template's content",
                "id": "notifications:read:templateContent"
              },
              {
                "classifier": "templateContent",
                "description": "Update a notification template's content",
                "id": "notifications:update:templateContent"
              },
              {
                "classifier": "theme",
                "description": "Create a theme",
                "id": "branding:create:theme"
              },
              {
                "classifier": "theme",
                "description": "Delete a theme",
                "id": "branding:delete:theme"
              },
              {
                "classifier": "theme",
                "description": "Read or list themes",
                "id": "branding:read:theme"
              },
              {
                "classifier": "theme",
                "description": "Update a theme",
                "id": "branding:update:theme"
              },
              {
                "classifier": "token",
                "description": "Retrieve a DaVinci access token.",
                "id": "solutions:read:token"
              },
              {
                "classifier": "userSyncedStores",
                "description": "get user's target store sync status",
                "id": "dir:read:userSyncedStores"
              },
              {
                "classifier": "verifyPolicy",
                "description": "Create PingOne Verify Policies",
                "id": "idverifications:create:verifyPolicy"
              },
              {
                "classifier": "verifyPolicy",
                "description": "Delete PingOne Verify Policies",
                "id": "idverifications:delete:verifyPolicy"
              },
              {
                "classifier": "verifyPolicy",
                "description": "Read PingOne Verify Policies",
                "id": "idverifications:read:verifyPolicy"
              },
              {
                "classifier": "verifyPolicy",
                "description": "Update PingOne Verify Policies",
                "id": "idverifications:update:verifyPolicy"
              },
              {
                "classifier": "version",
                "description": "Read PingOne Authorize Policy Version",
                "id": "authz:read:version"
              },
              {
                "classifier": "voicePhrase",
                "description": "Create PingOne Verify Voice Phrase",
                "id": "idverifications:create:voicePhrase"
              },
              {
                "classifier": "voicePhrase",
                "description": "Delete PingOne Verify Voice Phrase",
                "id": "idverifications:delete:voicePhrase"
              },
              {
                "classifier": "voicePhrase",
                "description": "Read PingOne Verify Voice Phrase",
                "id": "idverifications:read:voicePhrase"
              },
              {
                "classifier": "voicePhrase",
                "description": "Update PingOne Verify Voice Phrase",
                "id": "idverifications:update:voicePhrase"
              },
              {
                "classifier": "voicePhraseContent",
                "description": "Create PingOne Verify Voice Phrase Content",
                "id": "idverifications:create:voicePhraseContent"
              },
              {
                "classifier": "voicePhraseContent",
                "description": "Delete PingOne Verify Voice Phrase Content",
                "id": "idverifications:delete:voicePhraseContent"
              },
              {
                "classifier": "voicePhraseContent",
                "description": "Read PingOne Verify Voice Phrase Content",
                "id": "idverifications:read:voicePhraseContent"
              },
              {
                "classifier": "voicePhraseContent",
                "description": "Update PingOne Verify Voice Phrase Content",
                "id": "idverifications:update:voicePhraseContent"
              }
            ],
            "role_id": null
          },
          "sensitive_attributes": []
        }
      ]
    },
    {
      "mode": "data",
      "type": "pingone_role",
      "name": "identity_data_admin",
      "provider": "provider[\"registry.terraform.io/pingidentity/pingone\"]",
      "instances": [
        {
          "schema_version": 0,
          "attributes": {
            "applicable_to": [
              "ENVIRONMENT",
              "POPULATION"
            ],
            "description": "Identity Data Admin",
            "id": "0bd9c966-7664-4ac1-b059-0ff9293908e2",
            "name": "Identity Data Admin",
            "permissions": [
              {
                "classifier": "activity",
                "description": "Get Audit Activity",
                "id": "audit_reporting:read:activity"
              },
              {
                "classifier": "activity",
                "description": "Read PingID user last activity",
                "id": "pingid:read:activity"
              },
              {
                "classifier": "analytics",
                "description": "Read fraud analytics",
                "id": "fraud:read:analytics"
              },
              {
                "classifier": "applicationEntitlement",
                "description": "Read application entitlements",
                "id": "applicationRoles:read:applicationEntitlement"
              },
              {
                "classifier": "applicationPermission",
                "description": "Create application permissions",
                "id": "applicationRoles:create:applicationPermission"
              },
              {
                "classifier": "applicationPermission",
                "description": "Delete application permissions",
                "id": "applicationRoles:delete:applicationPermission"
              },
              {
                "classifier": "applicationPermission",
                "description": "List application permissions",
                "id": "applicationRoles:read:applicationPermission"
              },
              {
                "classifier": "applicationPermission",
                "description": "Update application permissions",
                "id": "applicationRoles:update:applicationPermission"
              },
              {
                "classifier": "applicationResource",
                "description": "Create application resources",
                "id": "applicationRoles:create:applicationResource"
              },
              {
                "classifier": "applicationResource",
                "description": "Delete application resources",
                "id": "applicationRoles:delete:applicationResource"
              },
              {
                "classifier": "applicationResource",
                "description": "List and read application resources",
                "id": "applicationRoles:read:applicationResource"
              },
              {
                "classifier": "applicationResource",
                "description": "Update application resources",
                "id": "applicationRoles:update:applicationResource"
              },
              {
                "classifier": "applicationRole",
                "description": "Create application roles",
                "id": "applicationRoles:create:applicationRole"
              },
              {
                "classifier": "applicationRole",
                "description": "Delete application roles",
                "id": "applicationRoles:delete:applicationRole"
              },
              {
                "classifier": "applicationRole",
                "description": "List and read application roles",
                "id": "applicationRoles:read:applicationRole"
              },
              {
                "classifier": "applicationRole",
                "description": "Update application roles",
                "id": "applicationRoles:update:applicationRole"
              },
              {
                "classifier": "applicationRoleAssignment",
                "description": "Assign application roles",
                "id": "applicationRoles:create:applicationRoleAssignment"
              },
              {
                "classifier": "applicationRoleAssignment",
                "description": "List application role assignments",
                "id": "applicationRoles:read:applicationRoleAssignment"
              },
              {
                "classifier": "applicationRoleAssignment",
                "description": "Unassign application roles",
                "id": "applicationRoles:delete:applicationRoleAssignment"
              },
              {
                "classifier": "applicationRoleEntry",
                "description": "Add application role entries",
                "id": "applicationRoles:create:applicationRoleEntry"
              },
              {
                "classifier": "applicationRoleEntry",
                "description": "List application role entries",
                "id": "applicationRoles:read:applicationRoleEntry"
              },
              {
                "classifier": "applicationRoleEntry",
                "description": "Remove application role entries",
                "id": "applicationRoles:delete:applicationRoleEntry"
              },
              {
                "classifier": "certificate",
                "description": "Read a certificate",
                "id": "certmgt:read:certificate"
              },
              {
                "classifier": "cluster",
                "description": "Read fraud clusters",
                "id": "fraud:read:cluster"
              },
              {
                "classifier": "cluster",
                "description": "Update fraud clusters",
                "id": "fraud:update:cluster"
              },
              {
                "classifier": "console",
                "description": "Access to PingOne administrator console.",
                "id": "globalregistry:read:console"
              },
              {
                "classifier": "createTestDevice",
                "description": "Ability to create device designated for tests",
                "id": "mfa:create:createTestDevice"
              },
              {
                "classifier": "credentials",
                "description": "Create credential type or issue credential to a user",
                "id": "credentialsIssuance:create:credentials"
              },
              {
                "classifier": "credentials",
                "description": "Read a credential type or issue credential to a user",
                "id": "credentialsIssuance:read:credentials"
              },
              {
                "classifier": "credentials",
                "description": "Update credential type or issue credential to a user",
                "id": "credentialsIssuance:update:credentials"
              },
              {
                "classifier": "dashboard",
                "description": "Read dashboards",
                "id": "visualization:read:dashboard"
              },
              {
                "classifier": "delegatedAdminConfigurations",
                "description": "Read Delegated Admin Configurations",
                "id": "delegatedadmin:read:delegatedAdminConfigurations"
              },
              {
                "classifier": "delegatedAdminSdkToken",
                "description": "Read Delegated Admin SdkToken",
                "id": "delegatedadmin:read:delegatedAdminSdkToken"
              },
              {
                "classifier": "deployment",
                "description": "Read deployment resource",
                "id": "orgmgt:read:deployment"
              },
              {
                "classifier": "device",
                "description": "Authenticate using a device",
                "id": "mfa:authenticate:device"
              },
              {
                "classifier": "device",
                "description": "Create user's device",
                "id": "mfa:create:device"
              },
              {
                "classifier": "device",
                "description": "Delete user's device",
                "id": "mfa:delete:device"
              },
              {
                "classifier": "device",
                "description": "Retrieve user's device",
                "id": "mfa:read:device"
              },
              {
                "classifier": "device",
                "description": "Update user's device",
                "id": "mfa:update:device"
              },
              {
                "classifier": "directLdap",
                "description": "Perform direct LDAP operations through the LDAP gateway",
                "id": "ldapGateway:execute:directLdap"
              },
              {
                "classifier": "document",
                "description": "Create PingOne Verify Document",
                "id": "idverifications:create:document"
              },
              {
                "classifier": "document",
                "description": "Delete PingOne Verify Document",
                "id": "idverifications:delete:document"
              },
              {
                "classifier": "document",
                "description": "Read PingOne Verify Document",
                "id": "idverifications:get:document"
              },
              {
                "classifier": "document",
                "description": "Update PingOne Verify Document",
                "id": "idverifications:update:document"
              },
              {
                "classifier": "environment",
                "description": "Read environments",
                "id": "orgmgt:read:environment"
              },
              {
                "classifier": "evaluation",
                "description": "Create detection evaluations for risk service",
                "id": "riskDetection:create:evaluation"
              },
              {
                "classifier": "evaluation",
                "description": "Create fraud evaluation",
                "id": "fraud:create:evaluation"
              },
              {
                "classifier": "evaluation",
                "description": "Create risk evaluations",
                "id": "risk:create:evaluation"
              },
              {
                "classifier": "evaluation",
                "description": "Read fraud evaluation",
                "id": "fraud:read:evaluation"
              },
              {
                "classifier": "evaluation",
                "description": "Read risk evaluations",
                "id": "risk:read:evaluation"
              },
              {
                "classifier": "evaluation",
                "description": "Update risk evaluations",
                "id": "risk:update:evaluation"
              },
              {
                "classifier": "eventsDetails",
                "description": "Create fraud eventsDetails",
                "id": "fraud:create:eventsDetails"
              },
              {
                "classifier": "eventsDetails",
                "description": "Read fraud eventsDetails",
                "id": "fraud:read:eventsDetails"
              },
              {
                "classifier": "exploration",
                "description": "Create data exploration",
                "id": "visualization:create:exploration"
              },
              {
                "classifier": "exploration",
                "description": "Read data exploration",
                "id": "visualization:read:exploration"
              },
              {
                "classifier": "feedback",
                "description": "Create fraud feedback",
                "id": "fraud:create:feedback"
              },
              {
                "classifier": "feedback",
                "description": "Read fraud feedback",
                "id": "fraud:read:feedback"
              },
              {
                "classifier": "feedback",
                "description": "Update fraud feedback",
                "id": "fraud:update:feedback"
              },
              {
                "classifier": "group",
                "description": "Create Group",
                "id": "dir:create:group"
              },
              {
                "classifier": "group",
                "description": "Create Provisionable Group",
                "id": "dir:provision:group"
              },
              {
                "classifier": "group",
                "description": "Delete Group",
                "id": "dir:delete:group"
              },
              {
                "classifier": "group",
                "description": "Read Group",
                "id": "dir:read:group"
              },
              {
                "classifier": "group",
                "description": "Update Group",
                "id": "dir:update:group"
              },
              {
                "classifier": "groupMembership",
                "description": "Create Group Membership",
                "id": "dir:create:groupMembership"
              },
              {
                "classifier": "groupMembership",
                "description": "Delete Group Membership",
                "id": "dir:delete:groupMembership"
              },
              {
                "classifier": "groupMembership",
                "description": "Read Group Membership",
                "id": "dir:read:groupMembership"
              },
              {
                "classifier": "groupRoleAssignments",
                "description": "Create group role assignments",
                "id": "permissions:create:groupRoleAssignments"
              },
              {
                "classifier": "groupRoleAssignments",
                "description": "Delete group role assignments",
                "id": "permissions:delete:groupRoleAssignments"
              },
              {
                "classifier": "groupRoleAssignments",
                "description": "Read group role assignments",
                "id": "permissions:read:groupRoleAssignments"
              },
              {
                "classifier": "groupSyncedRules",
                "description": "get group's provisioning rule sync status",
                "id": "dir:read:groupSyncedRules"
              },
              {
                "classifier": "identityProvider",
                "description": "Retrieve Identity Provider information",
                "id": "identityProviders:read:identityProvider"
              },
              {
                "classifier": "image",
                "description": "Create an image",
                "id": "image:create:image"
              },
              {
                "classifier": "image",
                "description": "Delete an image",
                "id": "image:delete:image"
              },
              {
                "classifier": "image",
                "description": "Retrieve an image",
                "id": "image:read:image"
              },
              {
                "classifier": "integration",
                "description": "Read PingID user integrations(services)",
                "id": "pingid:read:integration"
              },
              {
                "classifier": "integration",
                "description": "Update PingID user integration(service)",
                "id": "pingid:update:integration"
              },
              {
                "classifier": "issuerProfile",
                "description": "Define Credential Issuer Profile",
                "id": "credentialsIssuance:create:issuerProfile"
              },
              {
                "classifier": "issuerProfile",
                "description": "Read Credential Issuer Profile",
                "id": "credentialsIssuance:read:issuerProfile"
              },
              {
                "classifier": "issuerProfile",
                "description": "Update Credential Issuer Profile",
                "id": "credentialsIssuance:update:issuerProfile"
              },
              {
                "classifier": "kerberos",
                "description": "Validate user credentials using Kerberos",
                "id": "ldapGateway:validate:kerberos"
              },
              {
                "classifier": "license",
                "description": "Read licenses",
                "id": "licensing:read:license"
              },
              {
                "classifier": "oauthConsent",
                "description": "Create OAuth Consent",
                "id": "agreements:create:oauthConsent"
              },
              {
                "classifier": "oauthConsent",
                "description": "Read OAuth Consents",
                "id": "agreements:read:oauthConsent"
              },
              {
                "classifier": "oauthConsent",
                "description": "Update OAuth Consent",
                "id": "agreements:update:oauthConsent"
              },
              {
                "classifier": "organization",
                "description": "Read organizations",
                "id": "orgmgt:read:organization"
              },
              {
                "classifier": "pairingKey",
                "description": "Create new pairing key for a user",
                "id": "mfa:create:pairingKey"
              },
              {
                "classifier": "pairingKey",
                "description": "Delete a user's pairing key information",
                "id": "mfa:delete:pairingKey"
              },
              {
                "classifier": "pairingKey",
                "description": "Retrieve a user's pairing key information",
                "id": "mfa:read:pairingKey"
              },
              {
                "classifier": "passwordPolicy",
                "description": "Read Password Policies",
                "id": "dir:read:passwordPolicy"
              },
              {
                "classifier": "policy",
                "description": "Read risk policies",
                "id": "risk:read:policy"
              },
              {
                "classifier": "population",
                "description": "Read populations",
                "id": "dir:read:population"
              },
              {
                "classifier": "prediction",
                "description": "Create a prediction",
                "id": "prediction:create:prediction"
              },
              {
                "classifier": "predictor",
                "description": "Read risk predictors",
                "id": "risk:read:predictor"
              },
              {
                "classifier": "rateLimitConfigs",
                "description": "Read rate limit configurations",
                "id": "ratelimiting:read:rateLimitConfigs"
              },
              {
                "classifier": "rateLimits",
                "description": "Read rate limits",
                "id": "ratelimiting:read:rateLimits"
              },
              {
                "classifier": "referenceData",
                "description": "Delete PingOne Verify Reference Data",
                "id": "idverifications:delete:referenceData"
              },
              {
                "classifier": "referenceData",
                "description": "Read PingOne Verify Reference Data",
                "id": "idverifications:get:referenceData"
              },
              {
                "classifier": "roles",
                "description": "Create Custom Roles",
                "id": "permissions:create:roles"
              },
              {
                "classifier": "roles",
                "description": "Delete Custom Roles",
                "id": "permissions:delete:roles"
              },
              {
                "classifier": "roles",
                "description": "Read Custom Roles",
                "id": "permissions:read:roles"
              },
              {
                "classifier": "roles",
                "description": "Update Custom Roles",
                "id": "permissions:update:roles"
              },
              {
                "classifier": "schema",
                "description": "Read schemas via SCIM",
                "id": "scim:read:schema"
              },
              {
                "classifier": "schema",
                "description": "Read schemas",
                "id": "dir:read:schema"
              },
              {
                "classifier": "seenDevice",
                "description": "Create/Update accessing device",
                "id": "devices:create:seenDevice"
              },
              {
                "classifier": "seenDevice",
                "description": "Delete accessing device",
                "id": "devices:delete:seenDevice"
              },
              {
                "classifier": "seenDevice",
                "description": "Read accessing device",
                "id": "devices:read:seenDevice"
              },
              {
                "classifier": "seenDevice",
                "description": "Update accessing device",
                "id": "devices:update:seenDevice"
              },
              {
                "classifier": "session",
                "description": "Read RADIUS session associated with the environment",
                "id": "radiusGateway:read:session"
              },
              {
                "classifier": "session",
                "description": "Read fraud session",
                "id": "fraud:read:session"
              },
              {
                "classifier": "sessions",
                "description": "Create new anonymous or user sessions",
                "id": "authn:create:sessions"
              },
              {
                "classifier": "sessions",
                "description": "Delete a user's sessions",
                "id": "authn:delete:sessions"
              },
              {
                "classifier": "sessions",
                "description": "Read a user's sessions",
                "id": "authn:read:sessions"
              },
              {
                "classifier": "sessions",
                "description": "Update anonymous or user sessions",
                "id": "authn:update:sessions"
              },
              {
                "classifier": "ssoLogin",
                "description": "Read fraud SSO login",
                "id": "fraud:read:ssoLogin"
              },
              {
                "classifier": "template",
                "description": "Read data exploration template",
                "id": "visualization:read:template"
              },
              {
                "classifier": "user",
                "description": "Create users via SCIM",
                "id": "scim:create:user"
              },
              {
                "classifier": "user",
                "description": "Create users",
                "id": "dir:create:user"
              },
              {
                "classifier": "user",
                "description": "Delete users via SCIM",
                "id": "scim:delete:user"
              },
              {
                "classifier": "user",
                "description": "Delete users",
                "id": "dir:delete:user"
              },
              {
                "classifier": "user",
                "description": "Import users",
                "id": "dir:import:user"
              },
              {
                "classifier": "user",
                "description": "Read users via SCIM",
                "id": "scim:read:user"
              },
              {
                "classifier": "user",
                "description": "Read users",
                "id": "dir:read:user"
              },
              {
                "classifier": "user",
                "description": "Reset PingID user",
                "id": "pingid:delete:user"
              },
              {
                "classifier": "user",
                "description": "Update users via SCIM",
                "id": "scim:update:user"
              },
              {
                "classifier": "user",
                "description": "Update users",
                "id": "dir:update:user"
              },
              {
                "classifier": "user",
                "description": "Verify a user using a verification code",
                "id": "dir:verify:user"
              },
              {
                "classifier": "userAccount",
                "description": "Lock User Account",
                "id": "dir:lock:userAccount"
              },
              {
                "classifier": "userAccount",
                "description": "Unlock User Account",
                "id": "dir:unlock:userAccount"
              },
              {
                "classifier": "userConsent",
                "description": "Create User Consent",
                "id": "agreements:create:userConsent"
              },
              {
                "classifier": "userConsent",
                "description": "Delete User Consents",
                "id": "agreements:delete:userConsent"
              },
              {
                "classifier": "userConsent",
                "description": "Read User Consents",
                "id": "agreements:read:userConsent"
              },
              {
                "classifier": "userConsent",
                "description": "Update User Consent",
                "id": "agreements:update:userConsent"
              },
              {
                "classifier": "userEnabled",
                "description": "Update user's enabled status",
                "id": "dir:update:userEnabled"
              },
              {
                "classifier": "userIdentityProvider",
                "description": "Update user's identity provider",
                "id": "dir:update:userIdentityProvider"
              },
              {
                "classifier": "userLinkedAccounts",
                "description": "Create linked accounts for users",
                "id": "dir:create:userLinkedAccounts"
              },
              {
                "classifier": "userLinkedAccounts",
                "description": "Delete linked accounts for users",
                "id": "dir:delete:userLinkedAccounts"
              },
              {
                "classifier": "userLinkedAccounts",
                "description": "Read linked accounts for users",
                "id": "dir:read:userLinkedAccounts"
              },
              {
                "classifier": "userMfaEnabled",
                "description": "Update user's mfaEnabled status",
                "id": "dir:update:userMfaEnabled"
              },
              {
                "classifier": "userPassword",
                "description": "Force a user to change password at next login",
                "id": "dir:forceChange:userPassword"
              },
              {
                "classifier": "userPassword",
                "description": "Read a user's password state",
                "id": "dir:read:userPassword"
              },
              {
                "classifier": "userPassword",
                "description": "Recover a user's password",
                "id": "dir:recover:userPassword"
              },
              {
                "classifier": "userPassword",
                "description": "Reset a user's password",
                "id": "dir:reset:userPassword"
              },
              {
                "classifier": "userPassword",
                "description": "Set a user's cleartext or pre-encoded password",
                "id": "dir:set:userPassword"
              },
              {
                "classifier": "userPassword",
                "description": "Unlock a user's password",
                "id": "dir:unlock:userPassword"
              },
              {
                "classifier": "userPassword",
                "description": "Validate a user's password",
                "id": "dir:validate:userPassword"
              },
              {
                "classifier": "userPassword",
                "description": "Validate user credentials via LDAP gateway",
                "id": "ldapGateway:validate:userPassword"
              },
              {
                "classifier": "userQuota",
                "description": "Reset notifications quota",
                "id": "notifications:reset:userQuota"
              },
              {
                "classifier": "userRoleAssignments",
                "description": "Read roles assigned to users",
                "id": "permissions:read:userRoleAssignments"
              },
              {
                "classifier": "userRoleAssignments",
                "description": "Update roles assigned to users",
                "id": "permissions:update:userRoleAssignments"
              },
              {
                "classifier": "userSeenDevice",
                "description": "Create user association with accessing device",
                "id": "devices:create:userSeenDevice"
              },
              {
                "classifier": "userSeenDevice",
                "description": "Delete user association with accessing device",
                "id": "devices:delete:userSeenDevice"
              },
              {
                "classifier": "userSeenDevice",
                "description": "Read user association with accessing device",
                "id": "devices:read:userSeenDevice"
              },
              {
                "classifier": "userSeenDevice",
                "description": "Update user association with accessing device",
                "id": "devices:update:userSeenDevice"
              },
              {
                "classifier": "userSyncedStores",
                "description": "get user's target store sync status",
                "id": "dir:read:userSyncedStores"
              },
              {
                "classifier": "userVerifyStatus",
                "description": "Update user's verifyStatus",
                "id": "dir:update:userVerifyStatus"
              },
              {
                "classifier": "verifiedUserData",
                "description": "Delete PingOne Verify Verified User Data",
                "id": "idverifications:delete:verifiedUserData"
              },
              {
                "classifier": "verifiedUserData",
                "description": "Get PingOne Verify Verified User Data",
                "id": "idverifications:get:verifiedUserData"
              },
              {
                "classifier": "verifyPolicy",
                "description": "Create PingOne Verify Policies",
                "id": "idverifications:create:verifyPolicy"
              },
              {
                "classifier": "verifyPolicy",
                "description": "Delete PingOne Verify Policies",
                "id": "idverifications:delete:verifyPolicy"
              },
              {
                "classifier": "verifyPolicy",
                "description": "Read PingOne Verify Policies",
                "id": "idverifications:read:verifyPolicy"
              },
              {
                "classifier": "verifyPolicy",
                "description": "Update PingOne Verify Policies",
                "id": "idverifications:update:verifyPolicy"
              },
              {
                "classifier": "verifyTransactions",
                "description": "Create PingOne Verify Transaction",
                "id": "idverifications:create:verifyTransactions"
              },
              {
                "classifier": "verifyTransactions",
                "description": "Delete PingOne Verify Transaction",
                "id": "idverifications:delete:verifyTransactions"
              },
              {
                "classifier": "verifyTransactions",
                "description": "Read PingOne Verify Transaction(s)",
                "id": "idverifications:read:verifyTransactions"
              },
              {
                "classifier": "verifyTransactions",
                "description": "Update PingOne Verify Transaction",
                "id": "idverifications:update:verifyTransactions"
              },
              {
                "classifier": "voicePhrase",
                "description": "Create PingOne Verify Voice Phrase",
                "id": "idverifications:create:voicePhrase"
              },
              {
                "classifier": "voicePhrase",
                "description": "Delete PingOne Verify Voice Phrase",
                "id": "idverifications:delete:voicePhrase"
              },
              {
                "classifier": "voicePhrase",
                "description": "Read PingOne Verify Voice Phrase",
                "id": "idverifications:read:voicePhrase"
              },
              {
                "classifier": "voicePhrase",
                "description": "Update PingOne Verify Voice Phrase",
                "id": "idverifications:update:voicePhrase"
              },
              {
                "classifier": "voicePhraseContent",
                "description": "Create PingOne Verify Voice Phrase Content",
                "id": "idverifications:create:voicePhraseContent"
              },
              {
                "classifier": "voicePhraseContent",
                "description": "Delete PingOne Verify Voice Phrase Content",
                "id": "idverifications:delete:voicePhraseContent"
              },
              {
                "classifier": "voicePhraseContent",
                "description": "Read PingOne Verify Voice Phrase Content",
                "id": "idverifications:read:voicePhraseContent"
              },
              {
                "classifier": "voicePhraseContent",
                "description": "Update PingOne Verify Voice Phrase Content",
                "id": "idverifications:update:voicePhraseContent"
              }
            ],
            "role_id": null
          },
          "sensitive_attributes": []
        }
      ]
    },
    {
      "mode": "data",
      "type": "pingone_user",
      "name": "dv_admin_user",
      "provider": "provider[\"registry.terraform.io/pingidentity/pingone\"]",
      "instances": [
        {
          "schema_version": 0,
          "attributes": {
            "account": {
              "can_authenticate": true,
              "locked_at": null,
              "status": "OK"
            },
            "address": null,
            "email": "cprice+terraform@pingidentity.com",
            "email_verified": null,
            "enabled": true,
            "environment_id": "2087f9ab-c416-45c4-92f1-22bbc894407c",
            "external_id": null,
            "id": "bcb7d6a6-f0ad-4ae0-a987-dcd7ee9ae956",
            "identity_provider": {
              "id": null,
              "type": "PING_ONE"
            },
            "locale": null,
            "mfa_enabled": false,
            "mobile_phone": null,
            "name": {
              "family": "Deployments",
              "formatted": null,
              "given": "Terraform",
              "honorific_prefix": null,
              "honorific_suffix": null,
              "middle": null
            },
            "nickname": null,
            "password": null,
            "photo": null,
            "population_id": "0e2615d3-e4d4-421a-92e7-f2f89a218a0a",
            "preferred_language": null,
            "primary_phone": null,
            "status": "ENABLED",
            "timezone": null,
            "title": null,
            "type": null,
            "user_id": "bcb7d6a6-f0ad-4ae0-a987-dcd7ee9ae956",
            "user_lifecycle": {
              "status": "ACCOUNT_OK"
            },
            "username": "cprice+terraform@pingidentity.com",
            "verify_status": "NOT_INITIATED"
          },
          "sensitive_attributes": [
            [
              {
                "type": "get_attr",
                "value": "username"
              }
            ]
          ]
        }
      ]
    },
    {
      "mode": "managed",
      "type": "davinci_connection",
      "name": "annotation",
      "provider": "provider[\"registry.terraform.io/pingidentity/davinci\"]",
      "instances": [
        {
          "schema_version": 0,
          "attributes": {
            "connector_id": "annotationConnector",
            "created_date": 1705431906523,
            "customer_id": "77f1978ad8c8c3c050419e8b14dfe244",
            "environment_id": "a053d898-8d78-4cb7-89ba-aa8aeef1556d",
            "id": "13299b9193ba6c83dfac5d91a6441de6",
            "name": "myAnnotationConnector",
            "property": []
          },
          "sensitive_attributes": [],
          "private": "bnVsbA==",
          "dependencies": [
            "pingone_environment.my_environment"
          ]
        }
      ]
    },
    {
      "mode": "managed",
      "type": "davinci_connection",
      "name": "error_connector",
      "provider": "provider[\"registry.terraform.io/pingidentity/davinci\"]",
      "instances": [
        {
          "schema_version": 0,
          "attributes": {
            "connector_id": "errorConnector",
            "created_date": 1705448691135,
            "customer_id": "77f1978ad8c8c3c050419e8b14dfe244",
            "environment_id": "a053d898-8d78-4cb7-89ba-aa8aeef1556d",
            "id": "53ab83a4a4ab919d9f2cb02d9e111ac8",
            "name": "Error Message",
            "property": []
          },
          "sensitive_attributes": [],
          "private": "bnVsbA==",
          "dependencies": [
            "data.pingone_licenses.internal_license",
            "pingone_environment.my_environment"
          ]
        }
      ]
    },
    {
      "mode": "managed",
      "type": "davinci_connection",
      "name": "flow_analytics",
      "provider": "provider[\"registry.terraform.io/pingidentity/davinci\"]",
      "instances": [
        {
          "schema_version": 0,
          "attributes": {
            "connector_id": "analyticsConnector",
            "created_date": 1705448691135,
            "customer_id": "77f1978ad8c8c3c050419e8b14dfe244",
            "environment_id": "a053d898-8d78-4cb7-89ba-aa8aeef1556d",
            "id": "c4b2032a1b63d370c5fbdd205522f1c5",
            "name": "Flow Analytics",
            "property": []
          },
          "sensitive_attributes": [],
          "private": "bnVsbA==",
          "dependencies": [
            "data.pingone_licenses.internal_license",
            "pingone_environment.my_environment"
          ]
        }
      ]
    },
    {
      "mode": "managed",
      "type": "davinci_connection",
      "name": "flow_connector",
      "provider": "provider[\"registry.terraform.io/pingidentity/davinci\"]",
      "instances": [
        {
          "schema_version": 0,
          "attributes": {
            "connector_id": "flowConnector",
            "created_date": 1705448691115,
            "customer_id": "77f1978ad8c8c3c050419e8b14dfe244",
            "environment_id": "a053d898-8d78-4cb7-89ba-aa8aeef1556d",
            "id": "33329a264e268ab31fb19637debf1ea3",
            "name": "Flow Conductor",
            "property": []
          },
          "sensitive_attributes": [],
          "private": "bnVsbA==",
          "dependencies": [
            "data.pingone_licenses.internal_license",
            "pingone_environment.my_environment"
          ]
        }
      ]
    },
    {
      "mode": "managed",
      "type": "davinci_connection",
      "name": "functions_connector",
      "provider": "provider[\"registry.terraform.io/pingidentity/davinci\"]",
      "instances": [
        {
          "schema_version": 0,
          "attributes": {
            "connector_id": "functionsConnector",
            "created_date": 1705448691076,
            "customer_id": "77f1978ad8c8c3c050419e8b14dfe244",
            "environment_id": "a053d898-8d78-4cb7-89ba-aa8aeef1556d",
            "id": "de650ca45593b82c49064ead10b9fe17",
            "name": "Functions",
            "property": []
          },
          "sensitive_attributes": [],
          "private": "bnVsbA==",
          "dependencies": [
            "data.pingone_licenses.internal_license",
            "pingone_environment.my_environment"
          ]
        }
      ]
    },
    {
      "mode": "managed",
      "type": "davinci_connection",
      "name": "https_connector",
      "provider": "provider[\"registry.terraform.io/pingidentity/davinci\"]",
      "instances": [
        {
          "schema_version": 0,
          "attributes": {
            "connector_id": "httpConnector",
            "created_date": 1705448691116,
            "customer_id": "77f1978ad8c8c3c050419e8b14dfe244",
            "environment_id": "a053d898-8d78-4cb7-89ba-aa8aeef1556d",
            "id": "481e952e6b11db8360587b8711620786",
            "name": "HTTP",
            "property": []
          },
          "sensitive_attributes": [],
          "private": "bnVsbA==",
          "dependencies": [
            "data.pingone_licenses.internal_license",
            "pingone_environment.my_environment"
          ]
        }
      ]
    },
    {
      "mode": "managed",
      "type": "davinci_connection",
      "name": "pingone_connector",
      "provider": "provider[\"registry.terraform.io/pingidentity/davinci\"]",
      "instances": [
        {
          "schema_version": 0,
          "attributes": {
            "connector_id": "pingOneSSOConnector",
            "created_date": 1705448728653,
            "customer_id": "77f1978ad8c8c3c050419e8b14dfe244",
            "environment_id": "a053d898-8d78-4cb7-89ba-aa8aeef1556d",
            "id": "94141bf2f1b9b59a5f5365ff135e02bb",
            "name": "PingOne",
            "property": [
              {
                "name": "clientId",
                "type": null,
                "value": "9a7c87fd-eec9-43ca-9060-e125ede05138"
              },
              {
                "name": "clientSecret",
                "type": null,
                "value": "LyWLOhM3UpBIlydEmsuCZNOapJJiDkFRoyXLE9Kl95rnVG7utzR-g~V.k~dqh4nZ"
              },
              {
                "name": "envId",
                "type": null,
                "value": "a053d898-8d78-4cb7-89ba-aa8aeef1556d"
              },
              {
                "name": "region",
                "type": "",
                "value": "NA"
              }
            ]
          },
          "sensitive_attributes": [
            [
              {
                "type": "get_attr",
                "value": "property"
              }
            ]
          ],
          "private": "bnVsbA==",
          "dependencies": [
            "pingone_application.dv_worker_app",
            "pingone_environment.my_environment"
          ]
        }
      ]
    },
    {
      "mode": "managed",
      "type": "pingone_application",
      "name": "app_logon",
      "provider": "provider[\"registry.terraform.io/pingidentity/pingone\"]",
      "instances": [
        {
          "schema_version": 0,
          "attributes": {
            "access_control_group_options": [],
            "access_control_role_type": "",
            "description": "",
            "enabled": true,
            "environment_id": "a053d898-8d78-4cb7-89ba-aa8aeef1556d",
            "external_link_options": [],
            "hidden_from_app_portal": false,
            "icon": [],
            "id": "77ee7d69-c5f4-46ce-b305-d3788a152b2d",
            "login_page_url": "",
            "name": "OIDC Login App",
            "oidc_options": [
              {
                "additional_refresh_token_replay_protection_enabled": true,
                "allow_wildcards_in_redirect_uris": false,
                "bundle_id": "",
                "certificate_based_authentication": [],
                "client_id": "77ee7d69-c5f4-46ce-b305-d3788a152b2d",
                "client_secret": "_UQsbL9k~Hmx5nkmXPv9_hBpC-ehHeDoT7qu4ZIy7UPG46tdkJ1VAniSD4nOZjt8",
                "cors_settings": [],
                "grant_types": [
                  "AUTHORIZATION_CODE",
                  "IMPLICIT"
                ],
                "home_page_url": "",
                "initiate_login_uri": "",
                "mobile_app": [
                  {
                    "bundle_id": "",
                    "huawei_app_id": "",
                    "huawei_package_name": "",
                    "integrity_detection": [
                      {
                        "cache_duration": [],
                        "enabled": false,
                        "excluded_platforms": [],
                        "google_play": []
                      }
                    ],
                    "package_name": "",
                    "passcode_refresh_seconds": 30,
                    "universal_app_link": ""
                  }
                ],
                "package_name": "",
                "par_requirement": "OPTIONAL",
                "par_timeout": 60,
                "pkce_enforcement": "OPTIONAL",
                "post_logout_redirect_uris": [],
                "redirect_uris": [
                  "https://decoder.pingidentity.cloud/hybrid"
                ],
                "refresh_token_duration": 2592000,
                "refresh_token_rolling_duration": 15552000,
                "refresh_token_rolling_grace_period_duration": 0,
                "require_signed_request_object": false,
                "response_types": [
                  "CODE",
                  "ID_TOKEN",
                  "TOKEN"
                ],
                "support_unsigned_request_object": false,
                "target_link_uri": "",
                "token_endpoint_authn_method": "NONE",
                "type": "NATIVE_APP"
              }
            ],
            "saml_options": [],
            "tags": []
          },
          "sensitive_attributes": [],
          "private": "bnVsbA==",
          "dependencies": [
            "data.pingone_licenses.internal_license",
            "pingone_environment.my_environment"
          ]
        }
      ]
    },
    {
      "mode": "managed",
      "type": "pingone_application",
      "name": "dv_worker_app",
      "provider": "provider[\"registry.terraform.io/pingidentity/pingone\"]",
      "instances": [
        {
          "schema_version": 0,
          "attributes": {
            "access_control_group_options": [],
            "access_control_role_type": "ADMIN_USERS_ONLY",
            "description": "",
            "enabled": true,
            "environment_id": "a053d898-8d78-4cb7-89ba-aa8aeef1556d",
            "external_link_options": [],
            "hidden_from_app_portal": false,
            "icon": [],
            "id": "9a7c87fd-eec9-43ca-9060-e125ede05138",
            "login_page_url": "",
            "name": "DV Worker App",
            "oidc_options": [
              {
                "additional_refresh_token_replay_protection_enabled": true,
                "allow_wildcards_in_redirect_uris": false,
                "bundle_id": "",
                "certificate_based_authentication": [],
                "client_id": "9a7c87fd-eec9-43ca-9060-e125ede05138",
                "client_secret": "LyWLOhM3UpBIlydEmsuCZNOapJJiDkFRoyXLE9Kl95rnVG7utzR-g~V.k~dqh4nZ",
                "cors_settings": [],
                "grant_types": [
                  "CLIENT_CREDENTIALS"
                ],
                "home_page_url": "",
                "initiate_login_uri": "",
                "mobile_app": [],
                "package_name": "",
                "par_requirement": "OPTIONAL",
                "par_timeout": 60,
                "pkce_enforcement": "OPTIONAL",
                "post_logout_redirect_uris": [],
                "redirect_uris": [],
                "refresh_token_duration": 2592000,
                "refresh_token_rolling_duration": 15552000,
                "refresh_token_rolling_grace_period_duration": 0,
                "require_signed_request_object": false,
                "response_types": [],
                "support_unsigned_request_object": false,
                "target_link_uri": "",
                "token_endpoint_authn_method": "CLIENT_SECRET_BASIC",
                "type": "WORKER"
              }
            ],
            "saml_options": [],
            "tags": []
          },
          "sensitive_attributes": [],
          "private": "bnVsbA==",
          "dependencies": [
            "data.pingone_licenses.internal_license",
            "pingone_environment.my_environment"
          ]
        }
      ]
    },
    {
      "mode": "managed",
      "type": "pingone_application_resource_grant",
      "name": "app_logon_resource_grants",
      "provider": "provider[\"registry.terraform.io/pingidentity/pingone\"]",
      "instances": [
        {
          "schema_version": 0,
          "attributes": {
            "application_id": "77ee7d69-c5f4-46ce-b305-d3788a152b2d",
            "environment_id": "a053d898-8d78-4cb7-89ba-aa8aeef1556d",
            "id": "0c4c3fec-ef5f-4092-9e3a-dec1c44a4845",
            "resource_id": "d9814bcb-9870-4ec1-b940-81753ba73f80",
            "resource_name": "openid",
            "scope_names": [
              "email",
              "profile"
            ],
            "scopes": [
              "0feb4c14-09e4-44ab-89c2-3aba6a83cf89",
              "fc9d74ad-1089-4b54-b1e2-1cde92b397df"
            ]
          },
          "sensitive_attributes": [],
          "dependencies": [
            "data.pingone_licenses.internal_license",
            "pingone_application.app_logon",
            "pingone_environment.my_environment"
          ]
        }
      ]
    },
    {
      "mode": "managed",
      "type": "pingone_application_role_assignment",
      "name": "env_admin",
      "provider": "provider[\"registry.terraform.io/pingidentity/pingone\"]",
      "instances": [
        {
          "schema_version": 0,
          "attributes": {
            "application_id": "9a7c87fd-eec9-43ca-9060-e125ede05138",
            "environment_id": "a053d898-8d78-4cb7-89ba-aa8aeef1556d",
            "id": "a6264f74-dd7a-48f0-ae44-6e30fd32a87f",
            "read_only": false,
            "role_id": "29ddce68-cd7f-4b2a-b6fc-f7a19553b496",
            "scope_environment_id": "a053d898-8d78-4cb7-89ba-aa8aeef1556d",
            "scope_organization_id": null,
            "scope_population_id": null
          },
          "sensitive_attributes": [],
          "dependencies": [
            "data.pingone_licenses.internal_license",
            "data.pingone_role.environment_admin",
            "pingone_application.dv_worker_app",
            "pingone_environment.my_environment"
          ]
        }
      ]
    },
    {
      "mode": "managed",
      "type": "pingone_application_role_assignment",
      "name": "id_admin",
      "provider": "provider[\"registry.terraform.io/pingidentity/pingone\"]",
      "instances": [
        {
          "schema_version": 0,
          "attributes": {
            "application_id": "9a7c87fd-eec9-43ca-9060-e125ede05138",
            "environment_id": "a053d898-8d78-4cb7-89ba-aa8aeef1556d",
            "id": "7f245c09-35ae-4a8f-9b92-01c9c0e1cfe5",
            "read_only": false,
            "role_id": "0bd9c966-7664-4ac1-b059-0ff9293908e2",
            "scope_environment_id": "a053d898-8d78-4cb7-89ba-aa8aeef1556d",
            "scope_organization_id": null,
            "scope_population_id": null
          },
          "sensitive_attributes": [],
          "dependencies": [
            "data.pingone_licenses.internal_license",
            "data.pingone_role.identity_data_admin",
            "pingone_application.dv_worker_app",
            "pingone_environment.my_environment"
          ]
        }
      ]
    },
    {
      "mode": "managed",
      "type": "pingone_branding_settings",
      "name": "branding",
      "provider": "provider[\"registry.terraform.io/pingidentity/pingone\"]",
      "instances": [
        {
          "schema_version": 0,
          "attributes": {
            "company_name": "Demo - Generic",
            "environment_id": "a053d898-8d78-4cb7-89ba-aa8aeef1556d",
            "id": "a053d898-8d78-4cb7-89ba-aa8aeef1556d",
            "logo_image": [
              {
                "href": "https://uploads.pingone.com/environments/a053d898-8d78-4cb7-89ba-aa8aeef1556d/images/bc2304b4-4f02-448c-98a5-0de629f4f468_2d58999d-f231-4df5-85a3-33f7d458e8f6_original.png",
                "id": "bc2304b4-4f02-448c-98a5-0de629f4f468"
              }
            ]
          },
          "sensitive_attributes": [],
          "dependencies": [
            "data.pingone_licenses.internal_license",
            "pingone_environment.my_environment",
            "pingone_image.company_logo"
          ]
        }
      ]
    },
    {
      "mode": "managed",
      "type": "pingone_branding_theme",
      "name": "default_theme",
      "provider": "provider[\"registry.terraform.io/pingidentity/pingone\"]",
      "instances": [
        {
          "schema_version": 0,
          "attributes": {
            "background_color": "#EDEDED",
            "background_image": [],
            "body_text_color": "#263956",
            "button_color": "#263956",
            "button_text_color": "#FFFFFF",
            "card_color": "#FCFCFC",
            "default": true,
            "environment_id": "a053d898-8d78-4cb7-89ba-aa8aeef1556d",
            "footer_text": null,
            "heading_text_color": "#686F77",
            "id": "bc4d5795-ca1a-4f4d-956d-ba7c37e4e699",
            "link_text_color": "#263956",
            "logo": [
              {
                "href": "https://uploads.pingone.com/environments/a053d898-8d78-4cb7-89ba-aa8aeef1556d/images/bc2304b4-4f02-448c-98a5-0de629f4f468_2d58999d-f231-4df5-85a3-33f7d458e8f6_original.png",
                "id": "bc2304b4-4f02-448c-98a5-0de629f4f468"
              }
            ],
            "name": "Default Theme",
            "template": "default",
            "use_default_background": false
          },
          "sensitive_attributes": [],
          "dependencies": [
            "data.pingone_licenses.internal_license",
            "pingone_environment.my_environment",
            "pingone_image.company_logo"
          ]
        }
      ]
    },
    {
      "mode": "managed",
      "type": "pingone_branding_theme_default",
      "name": "default_theme_active",
      "provider": "provider[\"registry.terraform.io/pingidentity/pingone\"]",
      "instances": [
        {
          "schema_version": 0,
          "attributes": {
            "branding_theme_id": "bc4d5795-ca1a-4f4d-956d-ba7c37e4e699",
            "default": true,
            "environment_id": "a053d898-8d78-4cb7-89ba-aa8aeef1556d",
            "id": "bc4d5795-ca1a-4f4d-956d-ba7c37e4e699"
          },
          "sensitive_attributes": [],
          "dependencies": [
            "data.pingone_licenses.internal_license",
            "pingone_branding_theme.default_theme",
            "pingone_environment.my_environment",
            "pingone_image.company_logo"
          ]
        }
      ]
    },
    {
      "mode": "managed",
      "type": "pingone_environment",
      "name": "my_environment",
      "provider": "provider[\"registry.terraform.io/pingidentity/pingone\"]",
      "instances": [
        {
          "schema_version": 0,
          "attributes": {
            "default_population": [],
            "default_population_id": null,
            "description": "Used to demo P1 Protect with OIDC \u0026 DV",
            "id": "a053d898-8d78-4cb7-89ba-aa8aeef1556d",
            "license_id": "5337fb2e-a933-415a-ba7c-bdb820dbf7b2",
            "name": "One-Facile - Terraform Testing",
            "organization_id": "7e9f838e-13d1-45de-9375-c4eebb62c08f",
            "region": "NorthAmerica",
            "service": [
              {
                "bookmark": [],
                "console_url": null,
                "tags": [
                  "DAVINCI_MINIMAL"
                ],
                "type": "DaVinci"
              },
              {
                "bookmark": [],
                "console_url": null,
                "tags": null,
                "type": "MFA"
              },
              {
                "bookmark": [],
                "console_url": null,
                "tags": null,
                "type": "Risk"
              },
              {
                "bookmark": [],
                "console_url": null,
                "tags": null,
                "type": "SSO"
              }
            ],
            "solution": null,
            "timeouts": null,
            "type": "SANDBOX"
          },
          "sensitive_attributes": [],
          "dependencies": [
            "data.pingone_licenses.internal_license"
          ]
        }
      ]
    },
    {
      "mode": "managed",
      "type": "pingone_form",
      "name": "login",
      "provider": "provider[\"registry.terraform.io/pingidentity/pingone\"]",
      "instances": [
        {
          "schema_version": 0,
          "attributes": {
            "category": "CUSTOM",
            "cols": 4,
            "components": {
              "fields": [
                {
                  "alignment": null,
                  "attribute_disabled": false,
                  "content": null,
                  "key": "user.password",
                  "label": "[{\"type\":\"paragraph\",\"children\":[{\"text\":\"\"},{\"type\":\"i18n\",\"key\":\"fields.user.password.label\",\"defaultTranslation\":\"Password\",\"inline\":true,\"children\":[{\"text\":\"\"}]},{\"text\":\"\"}]}]",
                  "label_mode": null,
                  "label_password_verify": null,
                  "layout": null,
                  "options": null,
                  "other_option_attribute_disabled": false,
                  "other_option_enabled": false,
                  "other_option_input_label": null,
                  "other_option_key": null,
                  "other_option_label": null,
                  "position": {
                    "col": 0,
                    "row": 3,
                    "width": null
                  },
                  "qr_code_type": null,
                  "required": true,
                  "show_border": null,
                  "show_password_requirements": false,
                  "size": null,
                  "styles": null,
                  "theme": null,
                  "type": "PASSWORD",
                  "validation": {
                    "error_message": null,
                    "regex": null,
                    "type": "NONE"
                  }
                },
                {
                  "alignment": null,
                  "attribute_disabled": false,
                  "content": null,
                  "key": "user.username",
                  "label": "[{\"type\":\"paragraph\",\"children\":[{\"text\":\"\"},{\"type\":\"i18n\",\"key\":\"fields.user.username.label\",\"defaultTranslation\":\"Enter your email address\",\"inline\":true,\"children\":[{\"text\":\"\"}]},{\"text\":\"\"}]}]",
                  "label_mode": null,
                  "label_password_verify": null,
                  "layout": null,
                  "options": null,
                  "other_option_attribute_disabled": false,
                  "other_option_enabled": false,
                  "other_option_input_label": null,
                  "other_option_key": null,
                  "other_option_label": null,
                  "position": {
                    "col": 0,
                    "row": 2,
                    "width": null
                  },
                  "qr_code_type": null,
                  "required": true,
                  "show_border": null,
                  "show_password_requirements": null,
                  "size": null,
                  "styles": null,
                  "theme": null,
                  "type": "TEXT",
                  "validation": {
                    "error_message": null,
                    "regex": null,
                    "type": "NONE"
                  }
                },
                {
                  "alignment": null,
                  "attribute_disabled": null,
                  "content": "[{\"children\":[{\"text\":\"Sign On\"}],\"type\":\"heading-1\"},{\"type\":\"divider\",\"children\":[{\"text\":\"\"}]},{\"type\":\"paragraph\",\"children\":[{\"text\":\"\"}]}]",
                  "key": null,
                  "label": null,
                  "label_mode": null,
                  "label_password_verify": null,
                  "layout": null,
                  "options": null,
                  "other_option_attribute_disabled": null,
                  "other_option_enabled": null,
                  "other_option_input_label": null,
                  "other_option_key": null,
                  "other_option_label": null,
                  "position": {
                    "col": 0,
                    "row": 0,
                    "width": null
                  },
                  "qr_code_type": null,
                  "required": null,
                  "show_border": null,
                  "show_password_requirements": null,
                  "size": null,
                  "styles": null,
                  "theme": null,
                  "type": "SLATE_TEXTBLOB",
                  "validation": null
                },
                {
                  "alignment": null,
                  "attribute_disabled": null,
                  "content": null,
                  "key": "issues",
                  "label": "[{\"type\":\"paragraph\",\"children\":[{\"text\":\"Issues signing on?\"}]}]",
                  "label_mode": null,
                  "label_password_verify": null,
                  "layout": null,
                  "options": null,
                  "other_option_attribute_disabled": null,
                  "other_option_enabled": null,
                  "other_option_input_label": null,
                  "other_option_key": null,
                  "other_option_label": null,
                  "position": {
                    "col": 0,
                    "row": 7,
                    "width": null
                  },
                  "qr_code_type": null,
                  "required": null,
                  "show_border": null,
                  "show_password_requirements": null,
                  "size": null,
                  "styles": null,
                  "theme": null,
                  "type": "FLOW_LINK",
                  "validation": null
                },
                {
                  "alignment": null,
                  "attribute_disabled": null,
                  "content": null,
                  "key": "passkey",
                  "label": "[{\"type\":\"paragraph\",\"children\":[{\"text\":\"Use your Passkey\"}]}]",
                  "label_mode": null,
                  "label_password_verify": null,
                  "layout": null,
                  "options": null,
                  "other_option_attribute_disabled": null,
                  "other_option_enabled": null,
                  "other_option_input_label": null,
                  "other_option_key": null,
                  "other_option_label": null,
                  "position": {
                    "col": 1,
                    "row": 5,
                    "width": null
                  },
                  "qr_code_type": null,
                  "required": null,
                  "show_border": null,
                  "show_password_requirements": null,
                  "size": null,
                  "styles": {
                    "alignment": "CENTER",
                    "background_color": "#FFF",
                    "border_color": "#4462ED",
                    "enabled": true,
                    "height": 36,
                    "padding": {
                      "bottom": 5,
                      "left": 0,
                      "right": 0,
                      "top": 5
                    },
                    "text_color": "#4462ED",
                    "width": 100,
                    "width_unit": "PERCENT"
                  },
                  "theme": null,
                  "type": "FLOW_BUTTON",
                  "validation": null
                },
                {
                  "alignment": null,
                  "attribute_disabled": null,
                  "content": null,
                  "key": "register",
                  "label": "[{\"type\":\"paragraph\",\"children\":[{\"text\":\"Create your account\"}]}]",
                  "label_mode": null,
                  "label_password_verify": null,
                  "layout": null,
                  "options": null,
                  "other_option_attribute_disabled": null,
                  "other_option_enabled": null,
                  "other_option_input_label": null,
                  "other_option_key": null,
                  "other_option_label": null,
                  "position": {
                    "col": 1,
                    "row": 7,
                    "width": null
                  },
                  "qr_code_type": null,
                  "required": null,
                  "show_border": null,
                  "show_password_requirements": null,
                  "size": null,
                  "styles": null,
                  "theme": null,
                  "type": "FLOW_LINK",
                  "validation": null
                },
                {
                  "alignment": null,
                  "attribute_disabled": null,
                  "content": null,
                  "key": null,
                  "label": "[{\"type\":\"paragraph\",\"children\":[{\"text\":\"\"},{\"type\":\"i18n\",\"key\":\"button.text.signOn\",\"defaultTranslation\":\"Sign On\",\"inline\":true,\"children\":[{\"text\":\"\"}]},{\"text\":\"\"}]}]",
                  "label_mode": null,
                  "label_password_verify": null,
                  "layout": null,
                  "options": null,
                  "other_option_attribute_disabled": null,
                  "other_option_enabled": null,
                  "other_option_input_label": null,
                  "other_option_key": null,
                  "other_option_label": null,
                  "position": {
                    "col": 0,
                    "row": 5,
                    "width": null
                  },
                  "qr_code_type": null,
                  "required": null,
                  "show_border": null,
                  "show_password_requirements": null,
                  "size": null,
                  "styles": null,
                  "theme": null,
                  "type": "SUBMIT_BUTTON",
                  "validation": null
                },
                {
                  "alignment": null,
                  "attribute_disabled": null,
                  "content": null,
                  "key": null,
                  "label": null,
                  "label_mode": null,
                  "label_password_verify": null,
                  "layout": null,
                  "options": null,
                  "other_option_attribute_disabled": null,
                  "other_option_enabled": null,
                  "other_option_input_label": null,
                  "other_option_key": null,
                  "other_option_label": null,
                  "position": {
                    "col": 0,
                    "row": 1,
                    "width": null
                  },
                  "qr_code_type": null,
                  "required": null,
                  "show_border": null,
                  "show_password_requirements": null,
                  "size": null,
                  "styles": null,
                  "theme": null,
                  "type": "ERROR_DISPLAY",
                  "validation": null
                },
                {
                  "alignment": null,
                  "attribute_disabled": null,
                  "content": null,
                  "key": null,
                  "label": null,
                  "label_mode": null,
                  "label_password_verify": null,
                  "layout": null,
                  "options": null,
                  "other_option_attribute_disabled": null,
                  "other_option_enabled": null,
                  "other_option_input_label": null,
                  "other_option_key": null,
                  "other_option_label": null,
                  "position": {
                    "col": 0,
                    "row": 4,
                    "width": null
                  },
                  "qr_code_type": null,
                  "required": null,
                  "show_border": null,
                  "show_password_requirements": null,
                  "size": null,
                  "styles": null,
                  "theme": null,
                  "type": "DIVIDER",
                  "validation": null
                },
                {
                  "alignment": null,
                  "attribute_disabled": null,
                  "content": null,
                  "key": null,
                  "label": null,
                  "label_mode": null,
                  "label_password_verify": null,
                  "layout": null,
                  "options": null,
                  "other_option_attribute_disabled": null,
                  "other_option_enabled": null,
                  "other_option_input_label": null,
                  "other_option_key": null,
                  "other_option_label": null,
                  "position": {
                    "col": 0,
                    "row": 6,
                    "width": null
                  },
                  "qr_code_type": null,
                  "required": null,
                  "show_border": null,
                  "show_password_requirements": null,
                  "size": null,
                  "styles": null,
                  "theme": null,
                  "type": "DIVIDER",
                  "validation": null
                }
              ]
            },
            "description": null,
            "environment_id": "a053d898-8d78-4cb7-89ba-aa8aeef1556d",
            "field_types": [
              "DIVIDER",
              "ERROR_DISPLAY",
              "FLOW_BUTTON",
              "FLOW_LINK",
              "PASSWORD",
              "SLATE_TEXTBLOB",
              "SUBMIT_BUTTON",
              "TEXT"
            ],
            "id": "b38cfc0e-e0ea-433b-a760-d736865886d9",
            "mark_optional": true,
            "mark_required": false,
            "name": "Login",
            "translation_method": "TRANSLATE"
          },
          "sensitive_attributes": [],
          "dependencies": [
            "data.pingone_licenses.internal_license",
            "pingone_environment.my_environment"
          ]
        }
      ]
    },
    {
      "mode": "managed",
      "type": "pingone_form",
      "name": "otp_entry",
      "provider": "provider[\"registry.terraform.io/pingidentity/pingone\"]",
      "instances": [
        {
          "schema_version": 0,
          "attributes": {
            "category": "CUSTOM",
            "cols": 4,
            "components": {
              "fields": [
                {
                  "alignment": null,
                  "attribute_disabled": false,
                  "content": null,
                  "key": "otp",
                  "label": "[{\"type\":\"paragraph\",\"children\":[{\"text\":\"Enter the One Time Passcode\"}]}]",
                  "label_mode": null,
                  "label_password_verify": null,
                  "layout": null,
                  "options": null,
                  "other_option_attribute_disabled": false,
                  "other_option_enabled": false,
                  "other_option_input_label": null,
                  "other_option_key": null,
                  "other_option_label": null,
                  "position": {
                    "col": 0,
                    "row": 2,
                    "width": null
                  },
                  "qr_code_type": null,
                  "required": true,
                  "show_border": null,
                  "show_password_requirements": null,
                  "size": null,
                  "styles": null,
                  "theme": null,
                  "type": "TEXT",
                  "validation": {
                    "error_message": null,
                    "regex": null,
                    "type": "NONE"
                  }
                },
                {
                  "alignment": null,
                  "attribute_disabled": null,
                  "content": "[{\"children\":[{\"text\":\"Enter your code\"}],\"type\":\"heading-1\"},{\"children\":[{\"text\":\"Check your email for a one time passcode\"}]},{\"type\":\"divider\",\"children\":[{\"text\":\"\"}]},{\"type\":\"paragraph\",\"children\":[{\"text\":\"\"}]}]",
                  "key": null,
                  "label": null,
                  "label_mode": null,
                  "label_password_verify": null,
                  "layout": null,
                  "options": null,
                  "other_option_attribute_disabled": null,
                  "other_option_enabled": null,
                  "other_option_input_label": null,
                  "other_option_key": null,
                  "other_option_label": null,
                  "position": {
                    "col": 0,
                    "row": 1,
                    "width": null
                  },
                  "qr_code_type": null,
                  "required": null,
                  "show_border": null,
                  "show_password_requirements": null,
                  "size": null,
                  "styles": null,
                  "theme": null,
                  "type": "SLATE_TEXTBLOB",
                  "validation": null
                },
                {
                  "alignment": null,
                  "attribute_disabled": null,
                  "content": null,
                  "key": null,
                  "label": "[{\"type\":\"paragraph\",\"children\":[{\"text\":\"\"},{\"type\":\"i18n\",\"key\":\"button.text\",\"defaultTranslation\":\"Submit\",\"inline\":true,\"children\":[{\"text\":\"\"}]},{\"text\":\"\"}]}]",
                  "label_mode": null,
                  "label_password_verify": null,
                  "layout": null,
                  "options": null,
                  "other_option_attribute_disabled": null,
                  "other_option_enabled": null,
                  "other_option_input_label": null,
                  "other_option_key": null,
                  "other_option_label": null,
                  "position": {
                    "col": 0,
                    "row": 3,
                    "width": null
                  },
                  "qr_code_type": null,
                  "required": null,
                  "show_border": null,
                  "show_password_requirements": null,
                  "size": null,
                  "styles": null,
                  "theme": null,
                  "type": "SUBMIT_BUTTON",
                  "validation": null
                },
                {
                  "alignment": null,
                  "attribute_disabled": null,
                  "content": null,
                  "key": null,
                  "label": null,
                  "label_mode": null,
                  "label_password_verify": null,
                  "layout": null,
                  "options": null,
                  "other_option_attribute_disabled": null,
                  "other_option_enabled": null,
                  "other_option_input_label": null,
                  "other_option_key": null,
                  "other_option_label": null,
                  "position": {
                    "col": 0,
                    "row": 0,
                    "width": null
                  },
                  "qr_code_type": null,
                  "required": null,
                  "show_border": null,
                  "show_password_requirements": null,
                  "size": null,
                  "styles": null,
                  "theme": null,
                  "type": "ERROR_DISPLAY",
                  "validation": null
                }
              ]
            },
            "description": null,
            "environment_id": "a053d898-8d78-4cb7-89ba-aa8aeef1556d",
            "field_types": [
              "ERROR_DISPLAY",
              "SLATE_TEXTBLOB",
              "SUBMIT_BUTTON",
              "TEXT"
            ],
            "id": "c61cecd9-dfa5-456c-8103-18902403ba5d",
            "mark_optional": true,
            "mark_required": false,
            "name": "OTP Entry",
            "translation_method": "TRANSLATE"
          },
          "sensitive_attributes": [],
          "dependencies": [
            "data.pingone_licenses.internal_license",
            "pingone_environment.my_environment"
          ]
        }
      ]
    },
    {
      "mode": "managed",
      "type": "pingone_form",
      "name": "password",
      "provider": "provider[\"registry.terraform.io/pingidentity/pingone\"]",
      "instances": [
        {
          "schema_version": 0,
          "attributes": {
            "category": "CUSTOM",
            "cols": 4,
            "components": {
              "fields": [
                {
                  "alignment": null,
                  "attribute_disabled": false,
                  "content": null,
                  "key": "user.email",
                  "label": "[{\"type\":\"paragraph\",\"children\":[{\"text\":\"\"},{\"type\":\"i18n\",\"key\":\"fields.user.email.label\",\"defaultTranslation\":\"Email Address\",\"inline\":true,\"children\":[{\"text\":\"\"}]},{\"text\":\"\"}]}]",
                  "label_mode": null,
                  "label_password_verify": null,
                  "layout": null,
                  "options": null,
                  "other_option_attribute_disabled": false,
                  "other_option_enabled": false,
                  "other_option_input_label": null,
                  "other_option_key": null,
                  "other_option_label": null,
                  "position": {
                    "col": 0,
                    "row": 2,
                    "width": null
                  },
                  "qr_code_type": null,
                  "required": true,
                  "show_border": null,
                  "show_password_requirements": null,
                  "size": null,
                  "styles": null,
                  "theme": null,
                  "type": "TEXT",
                  "validation": {
                    "error_message": null,
                    "regex": null,
                    "type": "NONE"
                  }
                },
                {
                  "alignment": null,
                  "attribute_disabled": false,
                  "content": null,
                  "key": "user.password",
                  "label": "[{\"type\":\"paragraph\",\"children\":[{\"text\":\"\"},{\"type\":\"i18n\",\"key\":\"fields.user.password.label\",\"defaultTranslation\":\"Password\",\"inline\":true,\"children\":[{\"text\":\"\"}]},{\"text\":\"\"}]}]",
                  "label_mode": null,
                  "label_password_verify": "[{\"type\":\"paragraph\",\"children\":[{\"text\":\"\"},{\"type\":\"i18n\",\"key\":\"fields.user.password.labelPasswordVerify\",\"defaultTranslation\":\"Verify Password\",\"inline\":true,\"children\":[{\"text\":\"\"}]},{\"text\":\"\"}]}]",
                  "layout": null,
                  "options": null,
                  "other_option_attribute_disabled": false,
                  "other_option_enabled": false,
                  "other_option_input_label": null,
                  "other_option_key": null,
                  "other_option_label": null,
                  "position": {
                    "col": 0,
                    "row": 3,
                    "width": null
                  },
                  "qr_code_type": null,
                  "required": true,
                  "show_border": null,
                  "show_password_requirements": true,
                  "size": null,
                  "styles": null,
                  "theme": null,
                  "type": "PASSWORD_VERIFY",
                  "validation": {
                    "error_message": null,
                    "regex": null,
                    "type": "NONE"
                  }
                },
                {
                  "alignment": null,
                  "attribute_disabled": null,
                  "content": "[{\"children\":[{\"text\":\"Create Your Profile\"}],\"type\":\"heading-1\"},{\"children\":[{\"text\":\"Enter the required information below\"}]},{\"type\":\"divider\",\"children\":[{\"text\":\"\"}]},{\"type\":\"paragraph\",\"children\":[{\"text\":\"\"}]}]",
                  "key": null,
                  "label": null,
                  "label_mode": null,
                  "label_password_verify": null,
                  "layout": null,
                  "options": null,
                  "other_option_attribute_disabled": null,
                  "other_option_enabled": null,
                  "other_option_input_label": null,
                  "other_option_key": null,
                  "other_option_label": null,
                  "position": {
                    "col": 0,
                    "row": 0,
                    "width": null
                  },
                  "qr_code_type": null,
                  "required": null,
                  "show_border": null,
                  "show_password_requirements": null,
                  "size": null,
                  "styles": null,
                  "theme": null,
                  "type": "SLATE_TEXTBLOB",
                  "validation": null
                },
                {
                  "alignment": null,
                  "attribute_disabled": null,
                  "content": null,
                  "key": null,
                  "label": "[{\"type\":\"paragraph\",\"children\":[{\"text\":\"\"},{\"type\":\"i18n\",\"key\":\"button.text\",\"defaultTranslation\":\"Submit\",\"inline\":true,\"children\":[{\"text\":\"\"}]},{\"text\":\"\"}]}]",
                  "label_mode": null,
                  "label_password_verify": null,
                  "layout": null,
                  "options": null,
                  "other_option_attribute_disabled": null,
                  "other_option_enabled": null,
                  "other_option_input_label": null,
                  "other_option_key": null,
                  "other_option_label": null,
                  "position": {
                    "col": 0,
                    "row": 4,
                    "width": null
                  },
                  "qr_code_type": null,
                  "required": null,
                  "show_border": null,
                  "show_password_requirements": null,
                  "size": null,
                  "styles": null,
                  "theme": null,
                  "type": "SUBMIT_BUTTON",
                  "validation": null
                },
                {
                  "alignment": null,
                  "attribute_disabled": null,
                  "content": null,
                  "key": null,
                  "label": null,
                  "label_mode": null,
                  "label_password_verify": null,
                  "layout": null,
                  "options": null,
                  "other_option_attribute_disabled": null,
                  "other_option_enabled": null,
                  "other_option_input_label": null,
                  "other_option_key": null,
                  "other_option_label": null,
                  "position": {
                    "col": 0,
                    "row": 1,
                    "width": null
                  },
                  "qr_code_type": null,
                  "required": null,
                  "show_border": null,
                  "show_password_requirements": null,
                  "size": null,
                  "styles": null,
                  "theme": null,
                  "type": "ERROR_DISPLAY",
                  "validation": null
                }
              ]
            },
            "description": null,
            "environment_id": "a053d898-8d78-4cb7-89ba-aa8aeef1556d",
            "field_types": [
              "ERROR_DISPLAY",
              "PASSWORD_VERIFY",
              "SLATE_TEXTBLOB",
              "SUBMIT_BUTTON",
              "TEXT"
            ],
            "id": "d28523b3-d615-4d2f-9829-4105899ed7f1",
            "mark_optional": true,
            "mark_required": false,
            "name": "Register (Password)",
            "translation_method": "TRANSLATE"
          },
          "sensitive_attributes": [],
          "dependencies": [
            "data.pingone_licenses.internal_license",
            "pingone_environment.my_environment"
          ]
        }
      ]
    },
    {
      "mode": "managed",
      "type": "pingone_form",
      "name": "register_passkey",
      "provider": "provider[\"registry.terraform.io/pingidentity/pingone\"]",
      "instances": [
        {
          "schema_version": 0,
          "attributes": {
            "category": "CUSTOM",
            "cols": 4,
            "components": {
              "fields": [
                {
                  "alignment": null,
                  "attribute_disabled": false,
                  "content": null,
                  "key": "user.email",
                  "label": "[{\"type\":\"paragraph\",\"children\":[{\"text\":\"\"},{\"type\":\"i18n\",\"key\":\"fields.user.email.label\",\"defaultTranslation\":\"Email Address\",\"inline\":true,\"children\":[{\"text\":\"\"}]},{\"text\":\"\"}]}]",
                  "label_mode": null,
                  "label_password_verify": null,
                  "layout": null,
                  "options": null,
                  "other_option_attribute_disabled": false,
                  "other_option_enabled": false,
                  "other_option_input_label": null,
                  "other_option_key": null,
                  "other_option_label": null,
                  "position": {
                    "col": 0,
                    "row": 2,
                    "width": null
                  },
                  "qr_code_type": null,
                  "required": true,
                  "show_border": null,
                  "show_password_requirements": null,
                  "size": null,
                  "styles": null,
                  "theme": null,
                  "type": "TEXT",
                  "validation": {
                    "error_message": null,
                    "regex": null,
                    "type": "NONE"
                  }
                },
                {
                  "alignment": null,
                  "attribute_disabled": null,
                  "content": "[{\"children\":[{\"text\":\"Create Your Profile\"}],\"type\":\"heading-1\"},{\"children\":[{\"text\":\"Enter the required information below\"}]},{\"type\":\"divider\",\"children\":[{\"text\":\"\"}]},{\"type\":\"paragraph\",\"children\":[{\"text\":\"\"}]}]",
                  "key": null,
                  "label": null,
                  "label_mode": null,
                  "label_password_verify": null,
                  "layout": null,
                  "options": null,
                  "other_option_attribute_disabled": null,
                  "other_option_enabled": null,
                  "other_option_input_label": null,
                  "other_option_key": null,
                  "other_option_label": null,
                  "position": {
                    "col": 0,
                    "row": 0,
                    "width": null
                  },
                  "qr_code_type": null,
                  "required": null,
                  "show_border": null,
                  "show_password_requirements": null,
                  "size": null,
                  "styles": null,
                  "theme": null,
                  "type": "SLATE_TEXTBLOB",
                  "validation": null
                },
                {
                  "alignment": null,
                  "attribute_disabled": null,
                  "content": null,
                  "key": null,
                  "label": "[{\"type\":\"paragraph\",\"children\":[{\"text\":\"\"},{\"type\":\"i18n\",\"key\":\"button.text\",\"defaultTranslation\":\"Register Passkey\",\"inline\":true,\"children\":[{\"text\":\"\"}]},{\"text\":\"\"}]}]",
                  "label_mode": null,
                  "label_password_verify": null,
                  "layout": null,
                  "options": null,
                  "other_option_attribute_disabled": null,
                  "other_option_enabled": null,
                  "other_option_input_label": null,
                  "other_option_key": null,
                  "other_option_label": null,
                  "position": {
                    "col": 0,
                    "row": 3,
                    "width": null
                  },
                  "qr_code_type": null,
                  "required": null,
                  "show_border": null,
                  "show_password_requirements": null,
                  "size": null,
                  "styles": null,
                  "theme": null,
                  "type": "SUBMIT_BUTTON",
                  "validation": null
                },
                {
                  "alignment": null,
                  "attribute_disabled": null,
                  "content": null,
                  "key": null,
                  "label": null,
                  "label_mode": null,
                  "label_password_verify": null,
                  "layout": null,
                  "options": null,
                  "other_option_attribute_disabled": null,
                  "other_option_enabled": null,
                  "other_option_input_label": null,
                  "other_option_key": null,
                  "other_option_label": null,
                  "position": {
                    "col": 0,
                    "row": 1,
                    "width": null
                  },
                  "qr_code_type": null,
                  "required": null,
                  "show_border": null,
                  "show_password_requirements": null,
                  "size": null,
                  "styles": null,
                  "theme": null,
                  "type": "ERROR_DISPLAY",
                  "validation": null
                }
              ]
            },
            "description": null,
            "environment_id": "a053d898-8d78-4cb7-89ba-aa8aeef1556d",
            "field_types": [
              "ERROR_DISPLAY",
              "SLATE_TEXTBLOB",
              "SUBMIT_BUTTON",
              "TEXT"
            ],
            "id": "7a4644e5-345f-41ce-8ad1-3ec2820b2242",
            "mark_optional": true,
            "mark_required": false,
            "name": "Register (Passkey)",
            "translation_method": "TRANSLATE"
          },
          "sensitive_attributes": [],
          "dependencies": [
            "data.pingone_licenses.internal_license",
            "pingone_environment.my_environment"
          ]
        }
      ]
    },
    {
      "mode": "managed",
      "type": "pingone_image",
      "name": "company_logo",
      "provider": "provider[\"registry.terraform.io/pingidentity/pingone\"]",
      "instances": [
        {
          "schema_version": 0,
          "attributes": {
            "environment_id": "a053d898-8d78-4cb7-89ba-aa8aeef1556d",
            "id": "bc2304b4-4f02-448c-98a5-0de629f4f468",
            "image_file_base64": "iVBORw0KGgoAAAANSUhEUgAAAJwAAAASCAYAAACuArflAAAAAXNSR0IArs4c6QAAAERlWElmTU0AKgAAAAgAAYdpAAQAAAABAAAAGgAAAAAAA6ABAAMAAAABAAEAAKACAAQAAAABAAAAnKADAAQAAAABAAAAEgAAAABhAYErAAAMLElEQVRoBe1ZC5CUxRGemf/f3VvuDg8RjZrEQ+5u91j2dWgoH6QgBjUKWsbSxMKoqInxVWXKoKWpJFIVtTQprVCJVtAkihWTiFGDoiSxFB+oKHf7uuV2j0UP5KUE5HHcY3f/mXz9383ev3t3CQIhYJyqf2e6e6anp7unp2eWJ30RxRyFMxEOZtuShEr4QhMBv+8gMzfrHevPZvc4cZ+3R9bA6qlTXe5uK++gfhzKxo9L+MKLOePf0XjO1ZxgJvGChnWdbIqcxzhbxjmbGczEV2h8ZZ30R17jilUFs/FplbTDDRaHm0Cfy/PZ1sDnDvfZtu9htzrzQCV664uneceM6QkKwaI4Jo5WkiVMw4hN7mjd4uSN49nHuVmjcd6iay1j2/v3iupTMTaipOjw8J53RzquE6FQtciLMHhHccRUc8FipnK3NWfe3U780oHA0Zblmah5Ux3MtMU4Y5LayBl4yt/SQm1n4WZ+Y7C9/SPCPcUuMfz+dRFN7+72rDl949u9BCeDwXGs4DrZMPqzgXS6m3CYs0YVXWHJVVQp7mWKt5mufAz0HUQ/HArWLdY0RP1FkzULJb2KGx21fWPTE7tW9DnlizeEo5KJjS252LZ4U/hEQ7BpSnIJO67SdiQdJn2hesaMqVypouFyvRNIv7fVyUe3Uw1TJylhBeEPtbBXhzDzSejFTi0OyOGQO3yPqd5fQJZaWHUbrLsJ+cY9RWkx0J41jMK12gCci0VMya9qoXqM/h9wVXOj4KzB9ggkIQXm3Z1oDs0MdyTbdL+ELzKf97MFWLAXwm9B3x1wvPsKLC+TTdGHDFf+VsaqapiyVmGMocelmqKzWGfsZYJTjdHpmPs1OOB68DlJ91F58zG05xHsb8ydwZR6jdpUaqp7L0f1B2qrfmM+53I+mseR4tv9kTusIvsJYA8cbRP47mZc3W8VXRI58cLtx9fNn7liRZHG/q8K5d/tTCxWTJ0J1XZLxvu4ksfs8ezsSjZGrwytjb2uZRMGf5MzdSf0eRTWsQA6xnpYLdkx1RS+rL/WfCa1x1qEdV6FfrsVaFaxwJJN4VtDnYkHNZ/VJ089ym1aDytuXQbcXsy9F/WxVtHMJP0tl4cyba3DjlQpiiYlu/RJIUZ1yIQ/ciUE+w0Y1sIGfaYwwuFsPAp4KT4KKxdZRfdzxMeGK34g/INY1CagSxEBxhzLpfGI7mo7G2P3A/ZSP6/l8Yc641PQfg+fgHJuwhwLA+nWDeC1HLhS4UJeowFuKGpvV4rdonFUQ3GzKbLZbaHmlNEYL8GQ9QJ8b9DmgUPdCT53o68H3zbDLPiRrAcgexww6fOW8Zs/eQD1QSsWUx7occxoHxyqzI6kc1z2lkGm47niV2ADjINtJigmz4KtPmRCvRTzR+qdAmJ9N0CfcxXjl0zJxusMi08BbiXjfJGn2/ol9HsK2ZRoXIoAxr7NuLgnMSl0rObjMuXv0G8GvrmYs44uSBh/OubcgQ3/Ip1EZYLSQDBrpZsVfYZknZqZs6ZJsMhfDeHkylLoVfwvQ3g13b2nePMQ7GgpfgcEmoGFTQfWcZNTLW0N0Qmx5kgjFkyG1WV5Y27V7gGAP6+RcJvrUv7IDBxri4ZwwCp+UYf/K+PXNkwbCwe5GLQnvLL7JdSlGzb4H+NrykIhWDdjJQcbgNU5ZLhkU/BkEAOI3kvTDdHJ6LeA6HZRbBmcsBs4+C4fumVyfjNksvnqrgdSC8WXwx57R/vgWGc6+aPfpYCblRCXBztjT+hoG84mX/Fa7tmgFbDLfugcg3Y9HPLccDb2NK0nkIutUZzfRkEA3xWG6ZqFzf4c0YJr2zrQ98doVgnDOIf4pBsjEdy2v4kIeFsoE39SzxnKxN42TIMiXh0i3Q3DHA5e/BiY/pw+KLoUbYipLsI0vo12KR/DBvunpmHCUtvGcX6tpjlrRCD72KSFAb/TSTOY5RGWfdSVoiPC8xBfpUpRkcZJpa7OZhuWobnRwcdTVIW5vWY/yVoNx36kMZfrR7ssEsLVLoz7w03A+/A5j8G6qu7imch7LgAem99aWhTyajTtiGjjONtGtV2UHCaTJh1oDW9eAL1+a7QP/DvK5lDsfNhvfbij7Z0yPADatHCMl2Dn88tp6hU45AdOXG3fUTEbVmxpZb5WUC776QyOdwz1sTgnPRVr+sc9bY9x/NgnkFJt0OLXhx2ZyLUerHiH+65jrN2E8SdW4kaH+X/six2EVK68AK53YhBBLkBeOMnGqaE8jGAcH/WXsiVWSkUehXHusvvgB3Jeg4oS/7cGHRt91VI6NnQfYSuKb0FfoJEiKHajpkkuZguFSwHuHKHO1PspX7gespYK2hdDpsmDiIkYWyqV8pcI+9FAVFgRzCZWjDYUMtyIuas0HXn0F9D+UMOVNaL/BuAuKsfzTDmMvKVrQsHv28mUGH7SuT15i+UNhHacdXZRJ6Lie6p2tkKeSlZkjC8DuW6Yww3vOQIGGTTZZ98KUvyDUTj7CLO+N8iK6tJOkkJ1EV5K+VtuCIT6UhQK2U7ABy4G1EeYxReR3FMks9eOVTRiLTdBVzEh2SO4dZYcDmMvAZ2Mdx+NHaFsrZBpqAtn64aAQ9vCBoF1sPVGKVgTNrh2lIFOwDmje9lIjhtrGWJ0oAee9fCIZJJG8Y/2z+GkyiAa7GMZvnP2aaBQa506U0qtwo1owb8bG84lNyKpp6PVPgYH++7KVxtP6XGU+Kd8kTeg4Jkah7pecfV4IBtPgrYZ8AkDNPUlqhHl7IsQUoccbVVdoIKVwc74qDJRDqj7HtJaqQ2Q7RuQFMHOIfCgEMA1Ak1R7uAVrhBRuddbrFo8lGsPZ49o/emLV3r+jGXY71c0GgsYNJC9ulKbaDDkQqo/bbEY/z3GUM5lF865bXwNU530hefBwdYn/eHrNB57cZFuUw3ZnjyltRU7b6hgu/51CBpo4Vh+fsA4fHkFbVOgM76acIbJH0VV0HQ8NdAxUVZIFpIJx+/VZYRDCCghn8HCj8PT0LmV06YDp1LEPhsB7plK2gHBXJJOTTx3DVs3HF/gmH2BdLJfDkcejGPsSkwwGIbVaUl/MIhrrxsLvcoh+BLcWBY74H1uRjPxLjg13tgGC5LcVHNklgbxXtcCb74XsFAF9azGd6xtXA7HWa9hy1IjXHykHbF0H9Sb8FCMpJaKKnM4HE2DjshYIN2Ww/F7+0A/25kvbPeFZ2q4vSlyKvKjn5HjmtwzzKl1v/92HcokKcrj2UL9ERH7IbyBTV3THD0JT1l34f2M3it7ikXxwMGUI5RJpcBvCdZ+N/4rfjTRFJpOj+OJpuhZkOFPsOXZOMaz++VwJGgkk/gb4vUsGIBuQiZTxmrkRhsx4RmAd4D2o9r+uitI+dR/fwqu4b+GA88FBxxlzI1s8O/4Q3tr0hfdgOeb1Xh92swtY0Z4XfJjzZ8uD3ASikRUWiO5xMBNawC2fwdvY/YtawDNX9ByWv3sH8ANbiSiGmWOQw+d9LYFwgdYWhWi3CuItFsQ1T6UnL0LPl1FvEXpf0GIw6EukEHifXA29PYclH893sBWF6XqQtb2U9A24GZ5Bv2rcLDlUh45DzzxQMzn4fL5OvyBbsQvAzcNweE8vOGt5PQY55w4nZ68i4xGOAgr1gQCdU765HT6Ewhd5kRtvugJBuMh7KhxnBXb89XuDI6x0tFD4zM+X61lmqWcpreqao/uE6uP1LmrCyXnxxw7SWl6Xnqc9TVn8fcMr4eBx6PjelmUuVAuSa/8KuEPzeFKXA8nf3NKJn4v/s5ptgyVhjzfD2US9Dg9rNDuA9JNhDF7J/Q4/+5xylMpi2b06owZ5vit25uRoNdDTUdDyV24tOTCnYnNTv049Zvf65LRrvhO+qvOxH9xmpdTFxpHNeWA3r6+2o8nTNit37WcdN0m3RpWHR8pd6L5VcE1yWKyyuLGumg2tsUpH/Ggv+7ybnd/ZepBNBq/a9fYXv03H+GowAE4fGNcpe6IRm+fPa7eBq6MWl4ovD9lXTvZybYn6iO7kOPg3wbsVmU/CyDyTVZc3o50+Wv5GuEfSYlH9oqPbOn375Z6GK0Z0UHiZV1H3B4kzI9DvBbB5KxTWmNll4XDSOz/W1FKx9iRqgGKYHh8vAah+k1E+e1Yx6v4VyE0JZt49Uhd02dZ7n8B2+kT9yXjAuUAAAAASUVORK5CYII=",
            "uploaded_image": [
              {
                "height": 156,
                "href": "https://uploads.pingone.com/environments/a053d898-8d78-4cb7-89ba-aa8aeef1556d/images/bc2304b4-4f02-448c-98a5-0de629f4f468_2d58999d-f231-4df5-85a3-33f7d458e8f6_original.png",
                "type": "png",
                "width": 18
              }
            ]
          },
          "sensitive_attributes": [],
          "private": "bnVsbA==",
          "dependencies": [
            "data.pingone_licenses.internal_license",
            "pingone_environment.my_environment"
          ]
        }
      ]
    },
    {
      "mode": "managed",
      "type": "pingone_population",
      "name": "app",
      "provider": "provider[\"registry.terraform.io/pingidentity/pingone\"]",
      "instances": [
        {
          "schema_version": 0,
          "attributes": {
            "description": "Population containing App Users",
            "environment_id": "a053d898-8d78-4cb7-89ba-aa8aeef1556d",
            "id": "33152230-47f4-4a7a-a5af-7e6ad2036bd3",
            "name": "Application Users",
            "password_policy_id": null
          },
          "sensitive_attributes": [],
          "dependencies": [
            "data.pingone_licenses.internal_license",
            "pingone_environment.my_environment"
          ]
        }
      ]
    },
    {
      "mode": "managed",
      "type": "pingone_role_assignment_user",
      "name": "app_dev",
      "provider": "provider[\"registry.terraform.io/pingidentity/pingone\"]",
      "instances": [
        {
          "schema_version": 0,
          "attributes": {
            "environment_id": "2087f9ab-c416-45c4-92f1-22bbc894407c",
            "id": "9daff75c-a1fc-4c16-bd07-3ba6a3f9adc5",
            "read_only": false,
            "role_id": "b5057d0d-7281-47f6-9398-8a7e4cb71397",
            "scope_environment_id": "a053d898-8d78-4cb7-89ba-aa8aeef1556d",
            "scope_organization_id": null,
            "scope_population_id": null,
            "user_id": "813264c2-2ecf-4563-8036-07bb795fad56"
          },
          "sensitive_attributes": [
            [
              {
                "type": "get_attr",
                "value": "user_id"
              }
            ]
          ],
          "dependencies": [
            "data.pingone_licenses.internal_license",
            "data.pingone_role.client_application_developer",
            "pingone_environment.my_environment"
          ]
        }
      ]
    },
    {
      "mode": "managed",
      "type": "pingone_role_assignment_user",
      "name": "davinci_admin_sso",
      "provider": "provider[\"registry.terraform.io/pingidentity/pingone\"]",
      "instances": [
        {
          "schema_version": 0,
          "attributes": {
            "environment_id": "2087f9ab-c416-45c4-92f1-22bbc894407c",
            "id": "0d3043a5-f3a8-4ee2-bde2-215d5b51bc09",
            "read_only": false,
            "role_id": "168d545c-8337-4a34-8426-9c173d60e331",
            "scope_environment_id": "a053d898-8d78-4cb7-89ba-aa8aeef1556d",
            "scope_organization_id": null,
            "scope_population_id": null,
            "user_id": "bcb7d6a6-f0ad-4ae0-a987-dcd7ee9ae956"
          },
          "sensitive_attributes": [],
          "dependencies": [
            "data.pingone_licenses.internal_license",
            "data.pingone_role.davinci_admin",
            "data.pingone_user.dv_admin_user",
            "pingone_environment.my_environment"
          ]
        }
      ]
    },
    {
      "mode": "managed",
      "type": "pingone_role_assignment_user",
      "name": "id_admin",
      "provider": "provider[\"registry.terraform.io/pingidentity/pingone\"]",
      "instances": [
        {
          "schema_version": 0,
          "attributes": {
            "environment_id": "2087f9ab-c416-45c4-92f1-22bbc894407c",
            "id": "5de9f233-7717-4270-8f91-d767d3625f00",
            "read_only": false,
            "role_id": "0bd9c966-7664-4ac1-b059-0ff9293908e2",
            "scope_environment_id": "a053d898-8d78-4cb7-89ba-aa8aeef1556d",
            "scope_organization_id": null,
            "scope_population_id": null,
            "user_id": "813264c2-2ecf-4563-8036-07bb795fad56"
          },
          "sensitive_attributes": [
            [
              {
                "type": "get_attr",
                "value": "user_id"
              }
            ]
          ],
          "dependencies": [
            "data.pingone_licenses.internal_license",
            "data.pingone_role.identity_data_admin",
            "pingone_environment.my_environment"
          ]
        }
      ]
    }
  ],
  "check_results": null
}
